// !$*UTF8*$!
{
	archiveVersion = 1;
	classes = {
	};
	objectVersion = 46;
	objects = {

/* Begin PBXBuildFile section */
		20215DBE3EF950D6735D1E070F62ADE9 /* NavigationTests.swift in Sources */ = {isa = PBXBuildFile; fileRef = 6127DC181F9D09DF36174D65D9675234 /* NavigationTests.swift */; };
		2C2BDE154EF15A25FFBD670CE4A06E04 /* LoginView.swift in Sources */ = {isa = PBXBuildFile; fileRef = 95D12A1409F5E4DABFB1388DFF25631F /* LoginView.swift */; };
		3C207052137F0BDB675EF46BE530737D /* Foundation.framework in Frameworks */ = {isa = PBXBuildFile; fileRef = E74338EE1A0DC84747CA06745D09ADB7 /* Foundation.framework */; };
		4D5FD93C81329E8B00F69FDAEE294BFD /* APIClient.swift in Sources */ = {isa = PBXBuildFile; fileRef = 2B21CA4B51A5D3AF9F033728F210E4F2 /* APIClient.swift */; };
		528FAB2A4684280D9EBAF9A79546231C /* CardView.swift in Sources */ = {isa = PBXBuildFile; fileRef = 1B9691B072D0E05A8E42C0AC02D976AA /* CardView.swift */; };
		58B1B63EAC62F03BEE20412B9464D102 /* CardModel.swift in Sources */ = {isa = PBXBuildFile; fileRef = 769CA9AB21A569D0C6088F28896D2DBA /* CardModel.swift */; };
		597AACAB77F1A8AA34AB681AD8329095 /* LocalAPIIntegrationTests.swift in Sources */ = {isa = PBXBuildFile; fileRef = C5212F3EA386901A665B77AFC9FAE00B /* LocalAPIIntegrationTests.swift */; };
		5B0FB8B83882AE11E018639D79E306A5 /* SendCardView.swift in Sources */ = {isa = PBXBuildFile; fileRef = D0E0A2799DB986BECAEF59E8AFF345D7 /* SendCardView.swift */; };
		62259CED83B384B249DE5F6D5AC39023 /* GuestLibraryState.swift in Sources */ = {isa = PBXBuildFile; fileRef = CDE6B6F533D70A4DF35DB7BFB5DB026D /* GuestLibraryState.swift */; };
		62B103C8B7D022FA1F5BB21F87716960 /* RootView.swift in Sources */ = {isa = PBXBuildFile; fileRef = 13DCCBEFBC5665BC3439A5D5D6333E19 /* RootView.swift */; };
		66232FC1B2F41F2DD7FC0B6965EEA8D7 /* CardLink.swift in Sources */ = {isa = PBXBuildFile; fileRef = 910212D444E040F856CCFC129041A560 /* CardLink.swift */; };
		685446A88C6AFDC603A9AA9CE2FF3B98 /* ContactAction.swift in Sources */ = {isa = PBXBuildFile; fileRef = 8873DAD3B8416DBFD66FFDE846EE733D /* ContactAction.swift */; };
		693851CD305C5CCE5C0417D7FF1E1AFD /* Foundation.framework in Frameworks */ = {isa = PBXBuildFile; fileRef = E74338EE1A0DC84747CA06745D09ADB7 /* Foundation.framework */; };
		6FDB1AFC27EDE4D92F52E3AB552D418F /* StorageTests.swift in Sources */ = {isa = PBXBuildFile; fileRef = F596052871E15C33BA915165288C4949 /* StorageTests.swift */; };
		8AEB66BB6D9F7D58E74755B8801B79B0 /* ProfileFields.swift in Sources */ = {isa = PBXBuildFile; fileRef = 31F79A6F30A3C796481E26EA0DAB2821 /* ProfileFields.swift */; };
		8B61E6D31124B2B4596A8C85F09E4123 /* LoginState.swift in Sources */ = {isa = PBXBuildFile; fileRef = 558611E72721E63A3D6259139DDB42A1 /* LoginState.swift */; };
		8C54B99F33C12857F88A7C4F38386758 /* WalletPage.swift in Sources */ = {isa = PBXBuildFile; fileRef = 8C5FC8CEC10935EFA6985D995D6E2D66 /* WalletPage.swift */; };
		902F33023C3559276CC90C83D4C19CC2 /* ContractTests.swift in Sources */ = {isa = PBXBuildFile; fileRef = 47FA4431BF491AB11ED62F048FCEBE1C /* ContractTests.swift */; };
		98BE7C78D716C20091B1997330826F43 /* CardComposer.swift in Sources */ = {isa = PBXBuildFile; fileRef = 616F6327041214AA8948692B4BB3A6E8 /* CardComposer.swift */; };
		AF632536935B59CC5BD1E9C3219FBA41 /* DearbyApp.swift in Sources */ = {isa = PBXBuildFile; fileRef = 58D8A9D4701292BF3A73569FEAD45904 /* DearbyApp.swift */; };
		B282EEFC106AC8307AFB2C6D53062578 /* ReceiptModel.swift in Sources */ = {isa = PBXBuildFile; fileRef = 0DDEA2A76C73585790E28D639C9D564A /* ReceiptModel.swift */; };
		B7637A2499EF810B18A3877E86FCFD83 /* ProfileModel.swift in Sources */ = {isa = PBXBuildFile; fileRef = 3974108251DCA83CBF8C36A8E53DC9DE /* ProfileModel.swift */; };
		B9D3179CF3A2ADF946DBFA5ED7EDD3CB /* ProfileState.swift in Sources */ = {isa = PBXBuildFile; fileRef = 86FED9A378F243A719A2882D102DE366 /* ProfileState.swift */; };
		BBA8A13A41E5163481BCE70516B2E133 /* ContactActions.swift in Sources */ = {isa = PBXBuildFile; fileRef = 0C43B46A4A6DFF0FDA931CA969777557 /* ContactActions.swift */; };
		C0F648B293F396278DEAB3E9C6C64F7F /* ProfilePage.swift in Sources */ = {isa = PBXBuildFile; fileRef = 0A4103A9A9E22A60A1E716EC242FA16A /* ProfilePage.swift */; };
		C5284F1529A463C1A7B0CCC1985D9FE9 /* SessionVault.swift in Sources */ = {isa = PBXBuildFile; fileRef = 2843BB033BC8F39BA299820EDCB8E214 /* SessionVault.swift */; };
		D5CD1FB65D5FC6F025C8BBB281508152 /* Foundation.framework in Frameworks */ = {isa = PBXBuildFile; fileRef = E74338EE1A0DC84747CA06745D09ADB7 /* Foundation.framework */; };
		D9F272FBBC03A1F68A9489A1871D3061 /* WalletModel.swift in Sources */ = {isa = PBXBuildFile; fileRef = E0E5FEFB68F6611B2A4F675465665327 /* WalletModel.swift */; };
		DE68EE652F14E7FA9B089C71C65AD29D /* ExchangeState.swift in Sources */ = {isa = PBXBuildFile; fileRef = 1B09136574986625A2AB305E94EFD335 /* ExchangeState.swift */; };
		F773142D0CFB35EB40136194B032DDE0 /* AppState.swift in Sources */ = {isa = PBXBuildFile; fileRef = EEE53946BC22568A8D949DCD9632BCF3 /* AppState.swift */; };
		FBEA9B430CF3241E65F2AEF6F2BE6392 /* HomePage.swift in Sources */ = {isa = PBXBuildFile; fileRef = BE178F186374A579B80A0D8556BBDBDE /* HomePage.swift */; };
		FD0CCFD1D0C65A4F2C8B68A6BEB68517 /* QRPage.swift in Sources */ = {isa = PBXBuildFile; fileRef = 0A50E19FB0F241648E03C5F85E08EE2D /* QRPage.swift */; };
		FED77F0AC28D78967EBFB68BF8029979 /* LocalStore.swift in Sources */ = {isa = PBXBuildFile; fileRef = AFCEF03207344DA83AA9CD1DC1679399 /* LocalStore.swift */; };
		FFA81B6B5679EE633155945C8BF49396 /* CameraScanner.swift in Sources */ = {isa = PBXBuildFile; fileRef = F93A2AE4B19E85AA264AE87FB33DE6B0 /* CameraScanner.swift */; };
/* End PBXBuildFile section */

/* Begin PBXContainerItemProxy section */
		4D12FEDE80C39ADC3CCA29B8977018A6 /* PBXContainerItemProxy */ = {
			isa = PBXContainerItemProxy;
			containerPortal = A3CEDBB63E4F6FDBB16A1A5A8F9EDEA6 /* Project object */;
			proxyType = 1;
			remoteGlobalIDString = 8C3E753EBB2221171055F8750BC6F594;
			remoteInfo = Dearby;
		};
		4F4EB0924E289A6D44C978DDAB7BEBE9 /* PBXContainerItemProxy */ = {
			isa = PBXContainerItemProxy;
			containerPortal = A3CEDBB63E4F6FDBB16A1A5A8F9EDEA6 /* Project object */;
			proxyType = 1;
			remoteGlobalIDString = 8C3E753EBB2221171055F8750BC6F594;
			remoteInfo = Dearby;
		};
/* End PBXContainerItemProxy section */

/* Begin PBXFileReference section */
		0A4103A9A9E22A60A1E716EC242FA16A /* ProfilePage.swift */ = {isa = PBXFileReference; includeInIndex = 1; lastKnownFileType = sourcecode.swift; name = ProfilePage.swift; path = Sources/widgets/profile/ui/ProfilePage.swift; sourceTree = "<group>"; };
		0A50E19FB0F241648E03C5F85E08EE2D /* QRPage.swift */ = {isa = PBXFileReference; includeInIndex = 1; lastKnownFileType = sourcecode.swift; name = QRPage.swift; path = Sources/widgets/qr/ui/QRPage.swift; sourceTree = "<group>"; };
		0C43B46A4A6DFF0FDA931CA969777557 /* ContactActions.swift */ = {isa = PBXFileReference; includeInIndex = 1; lastKnownFileType = sourcecode.swift; name = ContactActions.swift; path = Sources/features/contactActions/lib/ContactActions.swift; sourceTree = "<group>"; };
		0DDEA2A76C73585790E28D639C9D564A /* ReceiptModel.swift */ = {isa = PBXFileReference; includeInIndex = 1; lastKnownFileType = sourcecode.swift; name = ReceiptModel.swift; path = Sources/features/wallet/model/ReceiptModel.swift; sourceTree = "<group>"; };
		0EC0A14C40C1E6A227D18FCFA2314518 /* Dearby.app */ = {isa = PBXFileReference; explicitFileType = wrapper.application; includeInIndex = 0; path = Dearby.app; sourceTree = BUILT_PRODUCTS_DIR; };
		13DCCBEFBC5665BC3439A5D5D6333E19 /* RootView.swift */ = {isa = PBXFileReference; includeInIndex = 1; lastKnownFileType = sourcecode.swift; name = RootView.swift; path = Sources/app/routes/RootView.swift; sourceTree = "<group>"; };
		1B09136574986625A2AB305E94EFD335 /* ExchangeState.swift */ = {isa = PBXFileReference; includeInIndex = 1; lastKnownFileType = sourcecode.swift; name = ExchangeState.swift; path = Sources/features/exchange/model/ExchangeState.swift; sourceTree = "<group>"; };
		1B9691B072D0E05A8E42C0AC02D976AA /* CardView.swift */ = {isa = PBXFileReference; includeInIndex = 1; lastKnownFileType = sourcecode.swift; name = CardView.swift; path = Sources/entities/identity/ui/CardView.swift; sourceTree = "<group>"; };
		2843BB033BC8F39BA299820EDCB8E214 /* SessionVault.swift */ = {isa = PBXFileReference; includeInIndex = 1; lastKnownFileType = sourcecode.swift; name = SessionVault.swift; path = Sources/shared/lib/SessionVault.swift; sourceTree = "<group>"; };
		2B21CA4B51A5D3AF9F033728F210E4F2 /* APIClient.swift */ = {isa = PBXFileReference; includeInIndex = 1; lastKnownFileType = sourcecode.swift; name = APIClient.swift; path = Sources/shared/api/APIClient.swift; sourceTree = "<group>"; };
		31F79A6F30A3C796481E26EA0DAB2821 /* ProfileFields.swift */ = {isa = PBXFileReference; includeInIndex = 1; lastKnownFileType = sourcecode.swift; name = ProfileFields.swift; path = Sources/entities/identity/model/ProfileFields.swift; sourceTree = "<group>"; };
		3974108251DCA83CBF8C36A8E53DC9DE /* ProfileModel.swift */ = {isa = PBXFileReference; includeInIndex = 1; lastKnownFileType = sourcecode.swift; name = ProfileModel.swift; path = Sources/entities/identity/model/ProfileModel.swift; sourceTree = "<group>"; };
		47FA4431BF491AB11ED62F048FCEBE1C /* ContractTests.swift */ = {isa = PBXFileReference; includeInIndex = 1; lastKnownFileType = sourcecode.swift; name = ContractTests.swift; path = unitTests/ContractTests.swift; sourceTree = "<group>"; };
		558611E72721E63A3D6259139DDB42A1 /* LoginState.swift */ = {isa = PBXFileReference; includeInIndex = 1; lastKnownFileType = sourcecode.swift; name = LoginState.swift; path = Sources/features/auth/model/LoginState.swift; sourceTree = "<group>"; };
		58D8A9D4701292BF3A73569FEAD45904 /* DearbyApp.swift */ = {isa = PBXFileReference; includeInIndex = 1; lastKnownFileType = sourcecode.swift; name = DearbyApp.swift; path = Sources/app/entrypoint/DearbyApp.swift; sourceTree = "<group>"; };
		6127DC181F9D09DF36174D65D9675234 /* NavigationTests.swift */ = {isa = PBXFileReference; includeInIndex = 1; lastKnownFileType = sourcecode.swift; name = NavigationTests.swift; path = uiTests/NavigationTests.swift; sourceTree = "<group>"; };
		616F6327041214AA8948692B4BB3A6E8 /* CardComposer.swift */ = {isa = PBXFileReference; includeInIndex = 1; lastKnownFileType = sourcecode.swift; name = CardComposer.swift; path = Sources/widgets/cardFlow/ui/CardComposer.swift; sourceTree = "<group>"; };
		6289792D8D33D858797301901B2488A0 /* DearbyTests.xctest */ = {isa = PBXFileReference; explicitFileType = wrapper.cfbundle; includeInIndex = 0; path = DearbyTests.xctest; sourceTree = BUILT_PRODUCTS_DIR; };
		769CA9AB21A569D0C6088F28896D2DBA /* CardModel.swift */ = {isa = PBXFileReference; includeInIndex = 1; lastKnownFileType = sourcecode.swift; name = CardModel.swift; path = Sources/entities/identity/model/CardModel.swift; sourceTree = "<group>"; };
		86FED9A378F243A719A2882D102DE366 /* ProfileState.swift */ = {isa = PBXFileReference; includeInIndex = 1; lastKnownFileType = sourcecode.swift; name = ProfileState.swift; path = Sources/features/profile/model/ProfileState.swift; sourceTree = "<group>"; };
		8873DAD3B8416DBFD66FFDE846EE733D /* ContactAction.swift */ = {isa = PBXFileReference; includeInIndex = 1; lastKnownFileType = sourcecode.swift; name = ContactAction.swift; path = Sources/entities/identity/model/ContactAction.swift; sourceTree = "<group>"; };
		8C5FC8CEC10935EFA6985D995D6E2D66 /* WalletPage.swift */ = {isa = PBXFileReference; includeInIndex = 1; lastKnownFileType = sourcecode.swift; name = WalletPage.swift; path = Sources/widgets/wallet/ui/WalletPage.swift; sourceTree = "<group>"; };
		910212D444E040F856CCFC129041A560 /* CardLink.swift */ = {isa = PBXFileReference; includeInIndex = 1; lastKnownFileType = sourcecode.swift; name = CardLink.swift; path = Sources/entities/identity/model/CardLink.swift; sourceTree = "<group>"; };
		95D12A1409F5E4DABFB1388DFF25631F /* LoginView.swift */ = {isa = PBXFileReference; includeInIndex = 1; lastKnownFileType = sourcecode.swift; name = LoginView.swift; path = Sources/widgets/auth/ui/LoginView.swift; sourceTree = "<group>"; };
		AFCEF03207344DA83AA9CD1DC1679399 /* LocalStore.swift */ = {isa = PBXFileReference; includeInIndex = 1; lastKnownFileType = sourcecode.swift; name = LocalStore.swift; path = Sources/shared/lib/LocalStore.swift; sourceTree = "<group>"; };
		BE178F186374A579B80A0D8556BBDBDE /* HomePage.swift */ = {isa = PBXFileReference; includeInIndex = 1; lastKnownFileType = sourcecode.swift; name = HomePage.swift; path = Sources/pages/home/ui/HomePage.swift; sourceTree = "<group>"; };
		C5212F3EA386901A665B77AFC9FAE00B /* LocalAPIIntegrationTests.swift */ = {isa = PBXFileReference; includeInIndex = 1; lastKnownFileType = sourcecode.swift; name = LocalAPIIntegrationTests.swift; path = unitTests/LocalAPIIntegrationTests.swift; sourceTree = "<group>"; };
		CDE6B6F533D70A4DF35DB7BFB5DB026D /* GuestLibraryState.swift */ = {isa = PBXFileReference; includeInIndex = 1; lastKnownFileType = sourcecode.swift; name = GuestLibraryState.swift; path = Sources/features/guestLibrary/model/GuestLibraryState.swift; sourceTree = "<group>"; };
		D0E0A2799DB986BECAEF59E8AFF345D7 /* SendCardView.swift */ = {isa = PBXFileReference; includeInIndex = 1; lastKnownFileType = sourcecode.swift; name = SendCardView.swift; path = Sources/widgets/cardFlow/ui/SendCardView.swift; sourceTree = "<group>"; };
		E0E5FEFB68F6611B2A4F675465665327 /* WalletModel.swift */ = {isa = PBXFileReference; includeInIndex = 1; lastKnownFileType = sourcecode.swift; name = WalletModel.swift; path = Sources/entities/identity/model/WalletModel.swift; sourceTree = "<group>"; };
		E74338EE1A0DC84747CA06745D09ADB7 /* Foundation.framework */ = {isa = PBXFileReference; lastKnownFileType = wrapper.framework; name = Foundation.framework; path = Platforms/iPhoneOS.platform/Developer/SDKs/iPhoneOS26.0.sdk/System/Library/Frameworks/Foundation.framework; sourceTree = DEVELOPER_DIR; };
		EA03AC3C587B75D848E3034BA3C170F0 /* DearbyUITests.xctest */ = {isa = PBXFileReference; explicitFileType = wrapper.cfbundle; includeInIndex = 0; path = DearbyUITests.xctest; sourceTree = BUILT_PRODUCTS_DIR; };
		EEE53946BC22568A8D949DCD9632BCF3 /* AppState.swift */ = {isa = PBXFileReference; includeInIndex = 1; lastKnownFileType = sourcecode.swift; name = AppState.swift; path = Sources/app/providers/AppState.swift; sourceTree = "<group>"; };
		F596052871E15C33BA915165288C4949 /* StorageTests.swift */ = {isa = PBXFileReference; includeInIndex = 1; lastKnownFileType = sourcecode.swift; name = StorageTests.swift; path = unitTests/StorageTests.swift; sourceTree = "<group>"; };
		F93A2AE4B19E85AA264AE87FB33DE6B0 /* CameraScanner.swift */ = {isa = PBXFileReference; includeInIndex = 1; lastKnownFileType = sourcecode.swift; name = CameraScanner.swift; path = Sources/features/scan/ui/CameraScanner.swift; sourceTree = "<group>"; };
/* End PBXFileReference section */

/* Begin PBXFrameworksBuildPhase section */
		292352F76AFD8E1CB86AD10748FAC032 /* Frameworks */ = {
			isa = PBXFrameworksBuildPhase;
			buildActionMask = 2147483647;
			files = (
				693851CD305C5CCE5C0417D7FF1E1AFD /* Foundation.framework in Frameworks */,
			);
			runOnlyForDeploymentPostprocessing = 0;
		};
		A436C92C0D07A81BAE264E2BE550F077 /* Frameworks */ = {
			isa = PBXFrameworksBuildPhase;
			buildActionMask = 2147483647;
			files = (
				3C207052137F0BDB675EF46BE530737D /* Foundation.framework in Frameworks */,
			);
			runOnlyForDeploymentPostprocessing = 0;
		};
		D1BEEDAA26A7F89DA52618B2168FCB58 /* Frameworks */ = {
			isa = PBXFrameworksBuildPhase;
			buildActionMask = 2147483647;
			files = (
				D5CD1FB65D5FC6F025C8BBB281508152 /* Foundation.framework in Frameworks */,
			);
			runOnlyForDeploymentPostprocessing = 0;
		};
/* End PBXFrameworksBuildPhase section */

/* Begin PBXGroup section */
		10C3DC718E5EEDFB872ACAD6FFC46776 /* iOS */ = {
			isa = PBXGroup;
			children = (
				E74338EE1A0DC84747CA06745D09ADB7 /* Foundation.framework */,
			);
			name = iOS;
			sourceTree = "<group>";
		};
		45A1E1357C81081429D0AAD8AA32D09D /* uiTests */ = {
			isa = PBXGroup;
			children = (
				6127DC181F9D09DF36174D65D9675234 /* NavigationTests.swift */,
			);
			name = uiTests;
			sourceTree = "<group>";
		};
		4E53D8CB2C6227DE70A6308FCA3247B9 /* Sources */ = {
			isa = PBXGroup;
			children = (
				58D8A9D4701292BF3A73569FEAD45904 /* DearbyApp.swift */,
				EEE53946BC22568A8D949DCD9632BCF3 /* AppState.swift */,
				13DCCBEFBC5665BC3439A5D5D6333E19 /* RootView.swift */,
				910212D444E040F856CCFC129041A560 /* CardLink.swift */,
				769CA9AB21A569D0C6088F28896D2DBA /* CardModel.swift */,
				8873DAD3B8416DBFD66FFDE846EE733D /* ContactAction.swift */,
				31F79A6F30A3C796481E26EA0DAB2821 /* ProfileFields.swift */,
				3974108251DCA83CBF8C36A8E53DC9DE /* ProfileModel.swift */,
				E0E5FEFB68F6611B2A4F675465665327 /* WalletModel.swift */,
				1B9691B072D0E05A8E42C0AC02D976AA /* CardView.swift */,
				558611E72721E63A3D6259139DDB42A1 /* LoginState.swift */,
				0C43B46A4A6DFF0FDA931CA969777557 /* ContactActions.swift */,
				1B09136574986625A2AB305E94EFD335 /* ExchangeState.swift */,
				CDE6B6F533D70A4DF35DB7BFB5DB026D /* GuestLibraryState.swift */,
				86FED9A378F243A719A2882D102DE366 /* ProfileState.swift */,
				F93A2AE4B19E85AA264AE87FB33DE6B0 /* CameraScanner.swift */,
				0DDEA2A76C73585790E28D639C9D564A /* ReceiptModel.swift */,
				BE178F186374A579B80A0D8556BBDBDE /* HomePage.swift */,
				2B21CA4B51A5D3AF9F033728F210E4F2 /* APIClient.swift */,
				AFCEF03207344DA83AA9CD1DC1679399 /* LocalStore.swift */,
				2843BB033BC8F39BA299820EDCB8E214 /* SessionVault.swift */,
				95D12A1409F5E4DABFB1388DFF25631F /* LoginView.swift */,
				616F6327041214AA8948692B4BB3A6E8 /* CardComposer.swift */,
				D0E0A2799DB986BECAEF59E8AFF345D7 /* SendCardView.swift */,
				0A4103A9A9E22A60A1E716EC242FA16A /* ProfilePage.swift */,
				0A50E19FB0F241648E03C5F85E08EE2D /* QRPage.swift */,
				8C5FC8CEC10935EFA6985D995D6E2D66 /* WalletPage.swift */,
			);
			name = Sources;
			sourceTree = "<group>";
		};
		5514BA52609B83B2004D76E4032EBEA2 /* unitTests */ = {
			isa = PBXGroup;
			children = (
				47FA4431BF491AB11ED62F048FCEBE1C /* ContractTests.swift */,
				C5212F3EA386901A665B77AFC9FAE00B /* LocalAPIIntegrationTests.swift */,
				F596052871E15C33BA915165288C4949 /* StorageTests.swift */,
			);
			name = unitTests;
			sourceTree = "<group>";
		};
		6D8019C4DFC001FB98E7C993097BE0C0 /* Products */ = {
			isa = PBXGroup;
			children = (
				0EC0A14C40C1E6A227D18FCFA2314518 /* Dearby.app */,
				6289792D8D33D858797301901B2488A0 /* DearbyTests.xctest */,
				EA03AC3C587B75D848E3034BA3C170F0 /* DearbyUITests.xctest */,
			);
			name = Products;
			sourceTree = "<group>";
		};
		80E5F736C614F64399D3267F2F294958 /* Frameworks */ = {
			isa = PBXGroup;
			children = (
				10C3DC718E5EEDFB872ACAD6FFC46776 /* iOS */,
			);
			name = Frameworks;
			sourceTree = "<group>";
		};
		94DC0D6A042DE748C73AAC1E3B0CF79C = {
			isa = PBXGroup;
			children = (
				6D8019C4DFC001FB98E7C993097BE0C0 /* Products */,
				80E5F736C614F64399D3267F2F294958 /* Frameworks */,
				4E53D8CB2C6227DE70A6308FCA3247B9 /* Sources */,
				5514BA52609B83B2004D76E4032EBEA2 /* unitTests */,
				45A1E1357C81081429D0AAD8AA32D09D /* uiTests */,
			);
			sourceTree = "<group>";
		};
/* End PBXGroup section */

/* Begin PBXNativeTarget section */
		2EE840B09D612DF752D6AE20388D583E /* DearbyTests */ = {
			isa = PBXNativeTarget;
			buildConfigurationList = F98091EC2F39DFCE3D84E23C218A1244 /* Build configuration list for PBXNativeTarget "DearbyTests" */;
			buildPhases = (
				B60732C2B661945CA508D7B503BFEAD1 /* Sources */,
				292352F76AFD8E1CB86AD10748FAC032 /* Frameworks */,
				7A2058E6E6CCC869BEDECAC352AABF2C /* Resources */,
			);
			buildRules = (
			);
			dependencies = (
				57E853AC4D3FD3A7D1468A8AB8554BB2 /* PBXTargetDependency */,
			);
			name = DearbyTests;
			productName = DearbyTests;
			productReference = 6289792D8D33D858797301901B2488A0 /* DearbyTests.xctest */;
			productType = "com.apple.product-type.bundle.unit-test";
		};
		8C3E753EBB2221171055F8750BC6F594 /* Dearby */ = {
			isa = PBXNativeTarget;
			buildConfigurationList = D090AF87098F2A5C9ADBD708B713B144 /* Build configuration list for PBXNativeTarget "Dearby" */;
			buildPhases = (
				853E039BDC63C8143E58156EB36DCDBE /* Sources */,
				D1BEEDAA26A7F89DA52618B2168FCB58 /* Frameworks */,
				DF589FC1DE7E7B81B0D0841161F03A32 /* Resources */,
			);
			buildRules = (
			);
			dependencies = (
			);
			name = Dearby;
			productName = Dearby;
			productReference = 0EC0A14C40C1E6A227D18FCFA2314518 /* Dearby.app */;
			productType = "com.apple.product-type.application";
		};
		F0F88FEF346D9AC6202EAE6E35F67E05 /* DearbyUITests */ = {
			isa = PBXNativeTarget;
			buildConfigurationList = 1CA9B4DA84343606E9ED6B8923B0BC6A /* Build configuration list for PBXNativeTarget "DearbyUITests" */;
			buildPhases = (
				FED09DD577F97FFF54E8BBCE49F1866D /* Sources */,
				A436C92C0D07A81BAE264E2BE550F077 /* Frameworks */,
				C825DB1442A57186564BD09EB721E4E5 /* Resources */,
			);
			buildRules = (
			);
			dependencies = (
				C43B2E2883B86801D30E159A791B2C7E /* PBXTargetDependency */,
			);
			name = DearbyUITests;
			productName = DearbyUITests;
			productReference = EA03AC3C587B75D848E3034BA3C170F0 /* DearbyUITests.xctest */;
			productType = "com.apple.product-type.bundle.ui-testing";
		};
/* End PBXNativeTarget section */

/* Begin PBXProject section */
		A3CEDBB63E4F6FDBB16A1A5A8F9EDEA6 /* Project object */ = {
			isa = PBXProject;
			attributes = {
				LastSwiftUpdateCheck = 1600;
				LastUpgradeCheck = 1600;
			};
			buildConfigurationList = EE790313FB7505DB22D34E6CC8291B69 /* Build configuration list for PBXProject "Dearby" */;
			compatibilityVersion = "Xcode 3.2";
			developmentRegion = en;
			hasScannedForEncodings = 0;
			knownRegions = (
				en,
				Base,
			);
			mainGroup = 94DC0D6A042DE748C73AAC1E3B0CF79C;
			minimizedProjectReferenceProxies = 0;
			preferredProjectObjectVersion = 100;
			productRefGroup = 6D8019C4DFC001FB98E7C993097BE0C0 /* Products */;
			projectDirPath = "";
			projectRoot = "";
			targets = (
				8C3E753EBB2221171055F8750BC6F594 /* Dearby */,
				2EE840B09D612DF752D6AE20388D583E /* DearbyTests */,
				F0F88FEF346D9AC6202EAE6E35F67E05 /* DearbyUITests */,
			);
		};
/* End PBXProject section */

/* Begin PBXResourcesBuildPhase section */
		7A2058E6E6CCC869BEDECAC352AABF2C /* Resources */ = {
			isa = PBXResourcesBuildPhase;
			buildActionMask = 2147483647;
			files = (
			);
			runOnlyForDeploymentPostprocessing = 0;
		};
		C825DB1442A57186564BD09EB721E4E5 /* Resources */ = {
			isa = PBXResourcesBuildPhase;
			buildActionMask = 2147483647;
			files = (
			);
			runOnlyForDeploymentPostprocessing = 0;
		};
		DF589FC1DE7E7B81B0D0841161F03A32 /* Resources */ = {
			isa = PBXResourcesBuildPhase;
			buildActionMask = 2147483647;
			files = (
			);
			runOnlyForDeploymentPostprocessing = 0;
		};
/* End PBXResourcesBuildPhase section */

/* Begin PBXSourcesBuildPhase section */
		853E039BDC63C8143E58156EB36DCDBE /* Sources */ = {
			isa = PBXSourcesBuildPhase;
			buildActionMask = 2147483647;
			files = (
				AF632536935B59CC5BD1E9C3219FBA41 /* DearbyApp.swift in Sources */,
				F773142D0CFB35EB40136194B032DDE0 /* AppState.swift in Sources */,
				62B103C8B7D022FA1F5BB21F87716960 /* RootView.swift in Sources */,
				66232FC1B2F41F2DD7FC0B6965EEA8D7 /* CardLink.swift in Sources */,
				58B1B63EAC62F03BEE20412B9464D102 /* CardModel.swift in Sources */,
				685446A88C6AFDC603A9AA9CE2FF3B98 /* ContactAction.swift in Sources */,
				8AEB66BB6D9F7D58E74755B8801B79B0 /* ProfileFields.swift in Sources */,
				B7637A2499EF810B18A3877E86FCFD83 /* ProfileModel.swift in Sources */,
				D9F272FBBC03A1F68A9489A1871D3061 /* WalletModel.swift in Sources */,
				528FAB2A4684280D9EBAF9A79546231C /* CardView.swift in Sources */,
				8B61E6D31124B2B4596A8C85F09E4123 /* LoginState.swift in Sources */,
				BBA8A13A41E5163481BCE70516B2E133 /* ContactActions.swift in Sources */,
				DE68EE652F14E7FA9B089C71C65AD29D /* ExchangeState.swift in Sources */,
				62259CED83B384B249DE5F6D5AC39023 /* GuestLibraryState.swift in Sources */,
				B9D3179CF3A2ADF946DBFA5ED7EDD3CB /* ProfileState.swift in Sources */,
				FFA81B6B5679EE633155945C8BF49396 /* CameraScanner.swift in Sources */,
				B282EEFC106AC8307AFB2C6D53062578 /* ReceiptModel.swift in Sources */,
				FBEA9B430CF3241E65F2AEF6F2BE6392 /* HomePage.swift in Sources */,
				4D5FD93C81329E8B00F69FDAEE294BFD /* APIClient.swift in Sources */,
				FED77F0AC28D78967EBFB68BF8029979 /* LocalStore.swift in Sources */,
				C5284F1529A463C1A7B0CCC1985D9FE9 /* SessionVault.swift in Sources */,
				2C2BDE154EF15A25FFBD670CE4A06E04 /* LoginView.swift in Sources */,
				98BE7C78D716C20091B1997330826F43 /* CardComposer.swift in Sources */,
				5B0FB8B83882AE11E018639D79E306A5 /* SendCardView.swift in Sources */,
				C0F648B293F396278DEAB3E9C6C64F7F /* ProfilePage.swift in Sources */,
				FD0CCFD1D0C65A4F2C8B68A6BEB68517 /* QRPage.swift in Sources */,
				8C54B99F33C12857F88A7C4F38386758 /* WalletPage.swift in Sources */,
			);
			runOnlyForDeploymentPostprocessing = 0;
		};
		B60732C2B661945CA508D7B503BFEAD1 /* Sources */ = {
			isa = PBXSourcesBuildPhase;
			buildActionMask = 2147483647;
			files = (
				902F33023C3559276CC90C83D4C19CC2 /* ContractTests.swift in Sources */,
				597AACAB77F1A8AA34AB681AD8329095 /* LocalAPIIntegrationTests.swift in Sources */,
				6FDB1AFC27EDE4D92F52E3AB552D418F /* StorageTests.swift in Sources */,
			);
			runOnlyForDeploymentPostprocessing = 0;
		};
		FED09DD577F97FFF54E8BBCE49F1866D /* Sources */ = {
			isa = PBXSourcesBuildPhase;
			buildActionMask = 2147483647;
			files = (
				20215DBE3EF950D6735D1E070F62ADE9 /* NavigationTests.swift in Sources */,
			);
			runOnlyForDeploymentPostprocessing = 0;
		};
/* End PBXSourcesBuildPhase section */

/* Begin PBXTargetDependency section */
		57E853AC4D3FD3A7D1468A8AB8554BB2 /* PBXTargetDependency */ = {
			isa = PBXTargetDependency;
			name = Dearby;
			target = 8C3E753EBB2221171055F8750BC6F594 /* Dearby */;
			targetProxy = 4D12FEDE80C39ADC3CCA29B8977018A6 /* PBXContainerItemProxy */;
		};
		C43B2E2883B86801D30E159A791B2C7E /* PBXTargetDependency */ = {
			isa = PBXTargetDependency;
			name = Dearby;
			target = 8C3E753EBB2221171055F8750BC6F594 /* Dearby */;
			targetProxy = 4F4EB0924E289A6D44C978DDAB7BEBE9 /* PBXContainerItemProxy */;
		};
/* End PBXTargetDependency section */

/* Begin XCBuildConfiguration section */
		29970C1ED19C9C36AD6344461A349427 /* Release */ = {
			isa = XCBuildConfiguration;
			buildSettings = {
				ALWAYS_SEARCH_USER_PATHS = NO;
				CLANG_ANALYZER_NONNULL = YES;
				CLANG_ANALYZER_NUMBER_OBJECT_CONVERSION = YES_AGGRESSIVE;
				CLANG_CXX_LANGUAGE_STANDARD = "gnu++14";
				CLANG_CXX_LIBRARY = "libc++";
				CLANG_ENABLE_MODULES = YES;
				CLANG_ENABLE_OBJC_ARC = YES;
				CLANG_ENABLE_OBJC_WEAK = YES;
				CLANG_WARN_BLOCK_CAPTURE_AUTORELEASING = YES;
				CLANG_WARN_BOOL_CONVERSION = YES;
				CLANG_WARN_COMMA = YES;
				CLANG_WARN_CONSTANT_CONVERSION = YES;
				CLANG_WARN_DEPRECATED_OBJC_IMPLEMENTATIONS = YES;
				CLANG_WARN_DIRECT_OBJC_ISA_USAGE = YES_ERROR;
				CLANG_WARN_DOCUMENTATION_COMMENTS = YES;
				CLANG_WARN_EMPTY_BODY = YES;
				CLANG_WARN_ENUM_CONVERSION = YES;
				CLANG_WARN_INFINITE_RECURSION = YES;
				CLANG_WARN_INT_CONVERSION = YES;
				CLANG_WARN_NON_LITERAL_NULL_CONVERSION = YES;
				CLANG_WARN_OBJC_IMPLICIT_RETAIN_SELF = YES;
				CLANG_WARN_OBJC_LITERAL_CONVERSION = YES;
				CLANG_WARN_OBJC_ROOT_CLASS = YES_ERROR;
				CLANG_WARN_QUOTED_INCLUDE_IN_FRAMEWORK_HEADER = YES;
				CLANG_WARN_RANGE_LOOP_ANALYSIS = YES;
				CLANG_WARN_STRICT_PROTOTYPES = YES;
				CLANG_WARN_SUSPICIOUS_MOVE = YES;
				CLANG_WARN_UNGUARDED_AVAILABILITY = YES_AGGRESSIVE;
				CLANG_WARN_UNREACHABLE_CODE = YES;
				CLANG_WARN__DUPLICATE_METHOD_MATCH = YES;
				COPY_PHASE_STRIP = NO;
				DEBUG_INFORMATION_FORMAT = "dwarf-with-dsym";
				ENABLE_NS_ASSERTIONS = NO;
				ENABLE_STRICT_OBJC_MSGSEND = YES;
				GCC_C_LANGUAGE_STANDARD = gnu11;
				GCC_NO_COMMON_BLOCKS = YES;
				GCC_WARN_64_TO_32_BIT_CONVERSION = YES;
				GCC_WARN_ABOUT_RETURN_TYPE = YES_ERROR;
				GCC_WARN_UNDECLARED_SELECTOR = YES;
				GCC_WARN_UNINITIALIZED_AUTOS = YES_AGGRESSIVE;
				GCC_WARN_UNUSED_FUNCTION = YES;
				GCC_WARN_UNUSED_VARIABLE = YES;
				MTL_ENABLE_DEBUG_INFO = NO;
				MTL_FAST_MATH = YES;
				PRODUCT_NAME = "$(TARGET_NAME)";
				SWIFT_COMPILATION_MODE = wholemodule;
				SWIFT_OPTIMIZATION_LEVEL = "-O";
				SWIFT_VERSION = 5.0;
			};
			name = Release;
		};
		340A416C92204C48A7E001DB1954D290 /* Debug */ = {
			isa = XCBuildConfiguration;
			buildSettings = {
				BUNDLE_LOADER = "$(TEST_HOST)";
				CLANG_ENABLE_OBJC_WEAK = NO;
				CODE_SIGN_STYLE = Automatic;
				GENERATE_INFOPLIST_FILE = YES;
				IPHONEOS_DEPLOYMENT_TARGET = 18.0;
				PRODUCT_BUNDLE_IDENTIFIER = com.dearby.dearbytests;
				SDKROOT = iphoneos;
				SWIFT_STRICT_CONCURRENCY = complete;
				SWIFT_VERSION = 6.0;
				TARGETED_DEVICE_FAMILY = "1,2";
				TEST_HOST = "$(BUILT_PRODUCTS_DIR)/Dearby.app/$(BUNDLE_EXECUTABLE_FOLDER_PATH)/Dearby";
			};
			name = Debug;
		};
		49B02F60DE3F5229805669E4AB1CA0DE /* Release */ = {
			isa = XCBuildConfiguration;
			buildSettings = {
				ASSETCATALOG_COMPILER_APPICON_NAME = AppIcon;
				ASSETCATALOG_COMPILER_GLOBAL_ACCENT_COLOR_NAME = AccentColor;
				CLANG_ENABLE_OBJC_WEAK = NO;
				CODE_SIGN_STYLE = Automatic;
				DEARBY_API_URL = "";
				DEARBY_SHARE_URL = "";
				GENERATE_INFOPLIST_FILE = YES;
				INFOPLIST_FILE = Info.plist;
				INFOPLIST_KEY_CFBundleDisplayName = Dearby;
				INFOPLIST_KEY_DearbyAPIURL = "$(DEARBY_API_URL)";
				INFOPLIST_KEY_DearbyShareURL = "$(DEARBY_SHARE_URL)";
				INFOPLIST_KEY_NSCameraUsageDescription = "명함 QR 코드를 읽기 위해 카메라를 사용합니다.";
				INFOPLIST_KEY_NSPhotoLibraryAddUsageDescription = "선택한 명함의 QR 이미지를 사진에 저장합니다.";
				INFOPLIST_KEY_UIApplicationSceneManifest_Generation = YES;
				INFOPLIST_KEY_UILaunchScreen_Generation = YES;
				IPHONEOS_DEPLOYMENT_TARGET = 18.0;
				LD_RUNPATH_SEARCH_PATHS = "$(inherited) @executable_path/Frameworks";
				PRODUCT_BUNDLE_IDENTIFIER = com.dearby.dearby;
				SDKROOT = iphoneos;
				SWIFT_STRICT_CONCURRENCY = complete;
				SWIFT_VERSION = 6.0;
				TARGETED_DEVICE_FAMILY = "1,2";
				VALIDATE_PRODUCT = YES;
			};
			name = Release;
		};
		6ECEBFABC274003C57C5512DE85B8743 /* Debug */ = {
			isa = XCBuildConfiguration;
			buildSettings = {
				ALWAYS_SEARCH_USER_PATHS = NO;
				CLANG_ANALYZER_NONNULL = YES;
				CLANG_ANALYZER_NUMBER_OBJECT_CONVERSION = YES_AGGRESSIVE;
				CLANG_CXX_LANGUAGE_STANDARD = "gnu++14";
				CLANG_CXX_LIBRARY = "libc++";
				CLANG_ENABLE_MODULES = YES;
				CLANG_ENABLE_OBJC_ARC = YES;
				CLANG_ENABLE_OBJC_WEAK = YES;
				CLANG_WARN_BLOCK_CAPTURE_AUTORELEASING = YES;
				CLANG_WARN_BOOL_CONVERSION = YES;
				CLANG_WARN_COMMA = YES;
				CLANG_WARN_CONSTANT_CONVERSION = YES;
				CLANG_WARN_DEPRECATED_OBJC_IMPLEMENTATIONS = YES;
				CLANG_WARN_DIRECT_OBJC_ISA_USAGE = YES_ERROR;
				CLANG_WARN_DOCUMENTATION_COMMENTS = YES;
				CLANG_WARN_EMPTY_BODY = YES;
				CLANG_WARN_ENUM_CONVERSION = YES;
				CLANG_WARN_INFINITE_RECURSION = YES;
				CLANG_WARN_INT_CONVERSION = YES;
				CLANG_WARN_NON_LITERAL_NULL_CONVERSION = YES;
				CLANG_WARN_OBJC_IMPLICIT_RETAIN_SELF = YES;
				CLANG_WARN_OBJC_LITERAL_CONVERSION = YES;
				CLANG_WARN_OBJC_ROOT_CLASS = YES_ERROR;
				CLANG_WARN_QUOTED_INCLUDE_IN_FRAMEWORK_HEADER = YES;
				CLANG_WARN_RANGE_LOOP_ANALYSIS = YES;
				CLANG_WARN_STRICT_PROTOTYPES = YES;
				CLANG_WARN_SUSPICIOUS_MOVE = YES;
				CLANG_WARN_UNGUARDED_AVAILABILITY = YES_AGGRESSIVE;
				CLANG_WARN_UNREACHABLE_CODE = YES;
				CLANG_WARN__DUPLICATE_METHOD_MATCH = YES;
				COPY_PHASE_STRIP = NO;
				DEBUG_INFORMATION_FORMAT = dwarf;
				ENABLE_STRICT_OBJC_MSGSEND = YES;
				ENABLE_TESTABILITY = YES;
				GCC_C_LANGUAGE_STANDARD = gnu11;
				GCC_DYNAMIC_NO_PIC = NO;
				GCC_NO_COMMON_BLOCKS = YES;
				GCC_OPTIMIZATION_LEVEL = 0;
				GCC_PREPROCESSOR_DEFINITIONS = (
					"DEBUG=1",
					"$(inherited)",
				);
				GCC_WARN_64_TO_32_BIT_CONVERSION = YES;
				GCC_WARN_ABOUT_RETURN_TYPE = YES_ERROR;
				GCC_WARN_UNDECLARED_SELECTOR = YES;
				GCC_WARN_UNINITIALIZED_AUTOS = YES_AGGRESSIVE;
				GCC_WARN_UNUSED_FUNCTION = YES;
				GCC_WARN_UNUSED_VARIABLE = YES;
				MTL_ENABLE_DEBUG_INFO = INCLUDE_SOURCE;
				MTL_FAST_MATH = YES;
				ONLY_ACTIVE_ARCH = YES;
				PRODUCT_NAME = "$(TARGET_NAME)";
				SWIFT_ACTIVE_COMPILATION_CONDITIONS = DEBUG;
				SWIFT_OPTIMIZATION_LEVEL = "-Onone";
				SWIFT_VERSION = 5.0;
			};
			name = Debug;
		};
		946A2AF52DE069D72B3317DC0D6DAB48 /* Debug */ = {
			isa = XCBuildConfiguration;
			buildSettings = {
				ASSETCATALOG_COMPILER_APPICON_NAME = AppIcon;
				ASSETCATALOG_COMPILER_GLOBAL_ACCENT_COLOR_NAME = AccentColor;
				CLANG_ENABLE_OBJC_WEAK = NO;
				CODE_SIGN_STYLE = Automatic;
				DEARBY_API_URL = "";
				DEARBY_SHARE_URL = "";
				GENERATE_INFOPLIST_FILE = YES;
				INFOPLIST_FILE = "Info-Debug.plist";
				INFOPLIST_KEY_CFBundleDisplayName = Dearby;
				INFOPLIST_KEY_DearbyAPIURL = "$(DEARBY_API_URL)";
				INFOPLIST_KEY_DearbyShareURL = "$(DEARBY_SHARE_URL)";
				INFOPLIST_KEY_NSAppTransportSecurity_NSAllowsLocalNetworking = YES;
				INFOPLIST_KEY_NSCameraUsageDescription = "명함 QR 코드를 읽기 위해 카메라를 사용합니다.";
				INFOPLIST_KEY_NSPhotoLibraryAddUsageDescription = "선택한 명함의 QR 이미지를 사진에 저장합니다.";
				INFOPLIST_KEY_UIApplicationSceneManifest_Generation = YES;
				INFOPLIST_KEY_UILaunchScreen_Generation = YES;
				IPHONEOS_DEPLOYMENT_TARGET = 18.0;
				LD_RUNPATH_SEARCH_PATHS = "$(inherited) @executable_path/Frameworks";
				PRODUCT_BUNDLE_IDENTIFIER = com.dearby.dearby;
				SDKROOT = iphoneos;
				SWIFT_ACTIVE_COMPILATION_CONDITIONS = DEBUG;
				SWIFT_STRICT_CONCURRENCY = complete;
				SWIFT_VERSION = 6.0;
				TARGETED_DEVICE_FAMILY = "1,2";
			};
			name = Debug;
		};
		99B9E106F2BF88B2DB98BE1CB72F471C /* Release */ = {
			isa = XCBuildConfiguration;
			buildSettings = {
				CLANG_ENABLE_OBJC_WEAK = NO;
				CODE_SIGN_STYLE = Automatic;
				GENERATE_INFOPLIST_FILE = YES;
				IPHONEOS_DEPLOYMENT_TARGET = 18.0;
				PRODUCT_BUNDLE_IDENTIFIER = com.dearby.dearbyuitests;
				SDKROOT = iphoneos;
				SWIFT_STRICT_CONCURRENCY = complete;
				SWIFT_VERSION = 6.0;
				TARGETED_DEVICE_FAMILY = "1,2";
				TEST_TARGET_NAME = Dearby;
				VALIDATE_PRODUCT = YES;
			};
			name = Release;
		};
		C92638B6E64C16F573E58926286CA69F /* Release */ = {
			isa = XCBuildConfiguration;
			buildSettings = {
				BUNDLE_LOADER = "$(TEST_HOST)";
				CLANG_ENABLE_OBJC_WEAK = NO;
				CODE_SIGN_STYLE = Automatic;
				GENERATE_INFOPLIST_FILE = YES;
				IPHONEOS_DEPLOYMENT_TARGET = 18.0;
				PRODUCT_BUNDLE_IDENTIFIER = com.dearby.dearbytests;
				SDKROOT = iphoneos;
				SWIFT_STRICT_CONCURRENCY = complete;
				SWIFT_VERSION = 6.0;
				TARGETED_DEVICE_FAMILY = "1,2";
				TEST_HOST = "$(BUILT_PRODUCTS_DIR)/Dearby.app/$(BUNDLE_EXECUTABLE_FOLDER_PATH)/Dearby";
				VALIDATE_PRODUCT = YES;
			};
			name = Release;
		};
		E954C8E06990283C33F075C21F821DEE /* Debug */ = {
			isa = XCBuildConfiguration;
			buildSettings = {
				CLANG_ENABLE_OBJC_WEAK = NO;
				CODE_SIGN_STYLE = Automatic;
				GENERATE_INFOPLIST_FILE = YES;
				IPHONEOS_DEPLOYMENT_TARGET = 18.0;
				PRODUCT_BUNDLE_IDENTIFIER = com.dearby.dearbyuitests;
				SDKROOT = iphoneos;
				SWIFT_STRICT_CONCURRENCY = complete;
				SWIFT_VERSION = 6.0;
				TARGETED_DEVICE_FAMILY = "1,2";
				TEST_TARGET_NAME = Dearby;
			};
			name = Debug;
		};
/* End XCBuildConfiguration section */

/* Begin XCConfigurationList section */
		1CA9B4DA84343606E9ED6B8923B0BC6A /* Build configuration list for PBXNativeTarget "DearbyUITests" */ = {
			isa = XCConfigurationList;
			buildConfigurations = (
				99B9E106F2BF88B2DB98BE1CB72F471C /* Release */,
				E954C8E06990283C33F075C21F821DEE /* Debug */,
			);
			defaultConfigurationIsVisible = 0;
			defaultConfigurationName = Release;
		};
		D090AF87098F2A5C9ADBD708B713B144 /* Build configuration list for PBXNativeTarget "Dearby" */ = {
			isa = XCConfigurationList;
			buildConfigurations = (
				49B02F60DE3F5229805669E4AB1CA0DE /* Release */,
				946A2AF52DE069D72B3317DC0D6DAB48 /* Debug */,
			);
			defaultConfigurationIsVisible = 0;
			defaultConfigurationName = Release;
		};
		EE790313FB7505DB22D34E6CC8291B69 /* Build configuration list for PBXProject "Dearby" */ = {
			isa = XCConfigurationList;
			buildConfigurations = (
				6ECEBFABC274003C57C5512DE85B8743 /* Debug */,
				29970C1ED19C9C36AD6344461A349427 /* Release */,
			);
			defaultConfigurationIsVisible = 0;
			defaultConfigurationName = Release;
		};
		F98091EC2F39DFCE3D84E23C218A1244 /* Build configuration list for PBXNativeTarget "DearbyTests" */ = {
			isa = XCConfigurationList;
			buildConfigurations = (
				C92638B6E64C16F573E58926286CA69F /* Release */,
				340A416C92204C48A7E001DB1954D290 /* Debug */,
			);
			defaultConfigurationIsVisible = 0;
			defaultConfigurationName = Release;
		};
/* End XCConfigurationList section */
	};
	rootObject = A3CEDBB63E4F6FDBB16A1A5A8F9EDEA6 /* Project object */;
}
