// !$*UTF8*$!
{
	archiveVersion = 1;
	classes = {
	};
	objectVersion = 46;
	objects = {

/* Begin PBXBuildFile section */
		024F8011C89F6C6B61A425C119756C72 /* CatalogViewModel.swift in Sources */ = {isa = PBXBuildFile; fileRef = 053751703539BD5009838DE016BAB2C8 /* CatalogViewModel.swift */; };
		047DDB11AB2FDC7C57BBCCA25052109B /* AccountRealAPITests.swift in Sources */ = {isa = PBXBuildFile; fileRef = B56B5187FCAB7FB9007448A5EEFE0EAA /* AccountRealAPITests.swift */; };
		113FBC41394B77BCEB8A46A0F694F956 /* CalendarTimelineView.swift in Sources */ = {isa = PBXBuildFile; fileRef = 75C79AE36C9344F331B89D8AC12D7201 /* CalendarTimelineView.swift */; };
		1E14F1AB3C32DE9C5A51E93BC110406C /* PrototypeTests.swift in Sources */ = {isa = PBXBuildFile; fileRef = 978BED74935D30CB36A80AB1C2C3F8DB /* PrototypeTests.swift */; };
		21F7006ECC67F4F1C5D0E0E120F57870 /* AccountClient.swift in Sources */ = {isa = PBXBuildFile; fileRef = 6E8A2692D80A39FB7CA8E319F3AD89EB /* AccountClient.swift */; };
		2223C5CFBD4B7E0CB19E181CED95A402 /* CalendarConflictState.swift in Sources */ = {isa = PBXBuildFile; fileRef = 8F022BE5B50A2522B1434E8B1DF8B1A8 /* CalendarConflictState.swift */; };
		3137B75BE7C65A93B59E03B5F5076FAF /* ProfilePage.swift in Sources */ = {isa = PBXBuildFile; fileRef = 340D8DA80D4584003E6F7250B017E625 /* ProfilePage.swift */; };
		330BC2435159BF2AAB0F6B1D75B30F59 /* ActivityArtwork.swift in Sources */ = {isa = PBXBuildFile; fileRef = EE2251C834E12A4837B57BBA2AF785DA /* ActivityArtwork.swift */; };
		357AC53CAD6E62094FC16BD296F45217 /* DemoApplicationView.swift in Sources */ = {isa = PBXBuildFile; fileRef = 8224E809AE6AE3EC7681507295090D42 /* DemoApplicationView.swift */; };
		3B3EC95EC2BFF0905378F356F4EF9012 /* DemoIdentity.swift in Sources */ = {isa = PBXBuildFile; fileRef = 99A7B49B3B51DF760FAB8B6CEC93C148 /* DemoIdentity.swift */; };
		46B0D06F00A83DFFDCED80FEF31D836D /* CardEditorPage.swift in Sources */ = {isa = PBXBuildFile; fileRef = 1CB04900E4A319665A4E906A3EB8AE52 /* CardEditorPage.swift */; };
		48532031337BF48866D1A9E93E8F2606 /* Foundation.framework in Frameworks */ = {isa = PBXBuildFile; fileRef = E74338EE1A0DC84747CA06745D09ADB7 /* Foundation.framework */; };
		492273E43C03AC2A2A25FFE066FBCE06 /* IdentityPresentation.swift in Sources */ = {isa = PBXBuildFile; fileRef = 795F9A5B919DE6FA38B644000E836069 /* IdentityPresentation.swift */; };
		574FFA20ECD47962008A4FC1D996FB3D /* WalletPage.swift in Sources */ = {isa = PBXBuildFile; fileRef = 09BD2E12FC7A4F0DB30CDD9EA114AE00 /* WalletPage.swift */; };
		592A8474FD55226D0407005AC2AAD9A4 /* SessionVault.swift in Sources */ = {isa = PBXBuildFile; fileRef = C82C1616BCBF6DBDE4753B1322F0C8BE /* SessionVault.swift */; };
		59BF094B573DD274155FBE8B4B1B483B /* CatalogPage.swift in Sources */ = {isa = PBXBuildFile; fileRef = F75F00BB9EAD0C3B1B04038D7C53431F /* CatalogPage.swift */; };
		5B2A1758471BF45AE52F8588B024BDE5 /* CardView.swift in Sources */ = {isa = PBXBuildFile; fileRef = C9B7DBCE2C8261A4A9DAAC5BEEAF0508 /* CardView.swift */; };
		5DB7E143C2F0F312A3D330CD5D8F57B1 /* DearbyControls.swift in Sources */ = {isa = PBXBuildFile; fileRef = 608E7AF00F3B9D41C8AD8CE5D5941798 /* DearbyControls.swift */; };
		64E662322EC5F5C6316D9670314D9887 /* Foundation.framework in Frameworks */ = {isa = PBXBuildFile; fileRef = E74338EE1A0DC84747CA06745D09ADB7 /* Foundation.framework */; };
		65C8439933C9AC6499DB9B92B23BE244 /* IdentityNavigationTests.swift in Sources */ = {isa = PBXBuildFile; fileRef = 239302520DB0B98BC20A07DBE4D1648F /* IdentityNavigationTests.swift */; };
		66301DBB378C7D46E09C60CA71813701 /* Foundation.framework in Frameworks */ = {isa = PBXBuildFile; fileRef = E74338EE1A0DC84747CA06745D09ADB7 /* Foundation.framework */; };
		6F9608C0DA645E58CBE14AD409B2B776 /* DearbyStyle.swift in Sources */ = {isa = PBXBuildFile; fileRef = EC82C499D2909A1867F90D21FAF59445 /* DearbyStyle.swift */; };
		7694EA0018B448EE5A4EB874FA5ED756 /* ActivityDetailView.swift in Sources */ = {isa = PBXBuildFile; fileRef = 661A055AC73772F7E17455AF6616C76D /* ActivityDetailView.swift */; };
		79754012CCB77CDCCD3EAEE712FE542D /* AppLinks.swift in Sources */ = {isa = PBXBuildFile; fileRef = 6F93036B4B01BC7FD9E165D4A81D805F /* AppLinks.swift */; };
		7B0B95DE8ABFA03F095EFCEBDB780686 /* ActivityModel.swift in Sources */ = {isa = PBXBuildFile; fileRef = 9F2AE5D5BD77387A4AA95C86B87D0C6C /* ActivityModel.swift */; };
		86562C57275E8FAFECDB6726FBAB36AC /* AccountTests.swift in Sources */ = {isa = PBXBuildFile; fileRef = 7FDB1646F6B89D9F730B544B1754486A /* AccountTests.swift */; };
		92A5F1517F2C4F37DD5581EAA0EE4B92 /* DearbyComponents.swift in Sources */ = {isa = PBXBuildFile; fileRef = E7C37286F0E3864A8B81D368E03795BD /* DearbyComponents.swift */; };
		9B52379E28B72600D31CA3FF21857EBC /* Assets.xcassets in Resources */ = {isa = PBXBuildFile; fileRef = 561201309CA6C1938F6EDABE5707BB5C /* Assets.xcassets */; };
		A4ED95940C95340636E3381CDB3BC365 /* DearbyApp.swift in Sources */ = {isa = PBXBuildFile; fileRef = 0F5B518140BB6ED68B03F0C1C5630E5D /* DearbyApp.swift */; };
		A553F63A61ABBE6F93677564547E36E4 /* AccountViewModel.swift in Sources */ = {isa = PBXBuildFile; fileRef = AE6433D97B9C416720DF58C99A8CC02A /* AccountViewModel.swift */; };
		A7AE31E874A23BC7EEF9F57458846E49 /* AppLinkProvider.swift in Sources */ = {isa = PBXBuildFile; fileRef = DC1B6AC58A2946DFB227564176976E5D /* AppLinkProvider.swift */; };
		A98E033B983CE19F49EBBC03E3C3470B /* DemoActivities.swift in Sources */ = {isa = PBXBuildFile; fileRef = 5C44C7959831802D61033865742BC6CB /* DemoActivities.swift */; };
		ACAF17E6973256AFD18AF1DCDB2B6EED /* QRPage.swift in Sources */ = {isa = PBXBuildFile; fileRef = 90CABC36082971EEB254740B8F310502 /* QRPage.swift */; };
		B75463FFB4FA73FF88A7488F39D58CA3 /* IdentityPrototypeTests.swift in Sources */ = {isa = PBXBuildFile; fileRef = C73CC63F2BB9EE30AFC5747F735DFC46 /* IdentityPrototypeTests.swift */; };
		C8AD8EAE716B3529884956B0412770FF /* AccountModels.swift in Sources */ = {isa = PBXBuildFile; fileRef = 1D12499A80BF73AAB2E021AEC1F2605B /* AccountModels.swift */; };
		E03A237515EF432877813E53F7F5CB1A /* ActivityRow.swift in Sources */ = {isa = PBXBuildFile; fileRef = F21D2E6FF816E81FE74EC3CB94269414 /* ActivityRow.swift */; };
		E0BBC97693074A2DC20E099ED270B7E3 /* CalendarConflictView.swift in Sources */ = {isa = PBXBuildFile; fileRef = 1B0BC6B7D3BDB6045932CFF9A641FBCF /* CalendarConflictView.swift */; };
		E4DDBD01302837017017041DE28696AB /* HomePage.swift in Sources */ = {isa = PBXBuildFile; fileRef = 69A840F1CFD5D13F68659E625FA8F5AE /* HomePage.swift */; };
		E53CCCE0AB2F34B5DAD1B4F9F9DED3C9 /* DiscoveryNavigationTests.swift in Sources */ = {isa = PBXBuildFile; fileRef = F65112174D4A54E6056C91B7175F93C3 /* DiscoveryNavigationTests.swift */; };
		E72FAAC7DA1F3C7DBD81A23104EEF50F /* AppLinksTests.swift in Sources */ = {isa = PBXBuildFile; fileRef = 5265F2918766A98A1ABAA9E23A7D86F4 /* AppLinksTests.swift */; };
		E7B2CB80F158F564311630C34E1B22FF /* SharedCardPage.swift in Sources */ = {isa = PBXBuildFile; fileRef = 8BE5F107089ED3726E5D9E5D96460C5B /* SharedCardPage.swift */; };
		E9F8484A5CED9543D18C2C24DA52803D /* SharedControlsLayoutTests.swift in Sources */ = {isa = PBXBuildFile; fileRef = 2F2F8BF45C02276E56BC1F6C491E2B1D /* SharedControlsLayoutTests.swift */; };
		FADBD075419FDA16E5F3AC420B6BFD3E /* MyActivitiesPage.swift in Sources */ = {isa = PBXBuildFile; fileRef = 789E5A705A72EBFBBB0094064B2150DE /* MyActivitiesPage.swift */; };
		FC8C9DD7C0FDB32FD961E2F4C5929714 /* ActivityInformationView.swift in Sources */ = {isa = PBXBuildFile; fileRef = DA3A084864F9900CA48C704980DE993C /* ActivityInformationView.swift */; };
		FDA83D2015D4A02D7AEB9D69ABE3EE9E /* IdentityViewModel.swift in Sources */ = {isa = PBXBuildFile; fileRef = 64FDD15B5A43C0D66431FED7337D632E /* IdentityViewModel.swift */; };
/* End PBXBuildFile section */

/* Begin PBXContainerItemProxy section */
		63EBED741CC900E5AC771F650F15B63D /* PBXContainerItemProxy */ = {
			isa = PBXContainerItemProxy;
			containerPortal = A3CEDBB63E4F6FDBB16A1A5A8F9EDEA6 /* Project object */;
			proxyType = 1;
			remoteGlobalIDString = 461E128953BEE5F4C8C3C06BB079C2BE;
			remoteInfo = Dearby;
		};
		AFF92B67E8E5B8AE39D5756275EF9F00 /* PBXContainerItemProxy */ = {
			isa = PBXContainerItemProxy;
			containerPortal = A3CEDBB63E4F6FDBB16A1A5A8F9EDEA6 /* Project object */;
			proxyType = 1;
			remoteGlobalIDString = 461E128953BEE5F4C8C3C06BB079C2BE;
			remoteInfo = Dearby;
		};
/* End PBXContainerItemProxy section */

/* Begin PBXFileReference section */
		053751703539BD5009838DE016BAB2C8 /* CatalogViewModel.swift */ = {isa = PBXFileReference; includeInIndex = 1; lastKnownFileType = sourcecode.swift; name = CatalogViewModel.swift; path = Sources/widgets/catalog/model/CatalogViewModel.swift; sourceTree = "<group>"; };
		09BD2E12FC7A4F0DB30CDD9EA114AE00 /* WalletPage.swift */ = {isa = PBXFileReference; includeInIndex = 1; lastKnownFileType = sourcecode.swift; name = WalletPage.swift; path = Sources/widgets/identity/ui/WalletPage.swift; sourceTree = "<group>"; };
		0EC0A14C40C1E6A227D18FCFA2314518 /* Dearby.app */ = {isa = PBXFileReference; explicitFileType = wrapper.application; includeInIndex = 0; path = Dearby.app; sourceTree = BUILT_PRODUCTS_DIR; };
		0F5B518140BB6ED68B03F0C1C5630E5D /* DearbyApp.swift */ = {isa = PBXFileReference; includeInIndex = 1; lastKnownFileType = sourcecode.swift; name = DearbyApp.swift; path = Sources/app/entrypoint/DearbyApp.swift; sourceTree = "<group>"; };
		1B0BC6B7D3BDB6045932CFF9A641FBCF /* CalendarConflictView.swift */ = {isa = PBXFileReference; includeInIndex = 1; lastKnownFileType = sourcecode.swift; name = CalendarConflictView.swift; path = Sources/features/calendar/ui/CalendarConflictView.swift; sourceTree = "<group>"; };
		1CB04900E4A319665A4E906A3EB8AE52 /* CardEditorPage.swift */ = {isa = PBXFileReference; includeInIndex = 1; lastKnownFileType = sourcecode.swift; name = CardEditorPage.swift; path = Sources/widgets/identity/ui/CardEditorPage.swift; sourceTree = "<group>"; };
		1D12499A80BF73AAB2E021AEC1F2605B /* AccountModels.swift */ = {isa = PBXFileReference; includeInIndex = 1; lastKnownFileType = sourcecode.swift; name = AccountModels.swift; path = Sources/entities/account/model/AccountModels.swift; sourceTree = "<group>"; };
		239302520DB0B98BC20A07DBE4D1648F /* IdentityNavigationTests.swift */ = {isa = PBXFileReference; includeInIndex = 1; lastKnownFileType = sourcecode.swift; name = IdentityNavigationTests.swift; path = uiTests/IdentityNavigationTests.swift; sourceTree = "<group>"; };
		2F2F8BF45C02276E56BC1F6C491E2B1D /* SharedControlsLayoutTests.swift */ = {isa = PBXFileReference; includeInIndex = 1; lastKnownFileType = sourcecode.swift; name = SharedControlsLayoutTests.swift; path = unitTests/SharedControlsLayoutTests.swift; sourceTree = "<group>"; };
		340D8DA80D4584003E6F7250B017E625 /* ProfilePage.swift */ = {isa = PBXFileReference; includeInIndex = 1; lastKnownFileType = sourcecode.swift; name = ProfilePage.swift; path = Sources/widgets/identity/ui/ProfilePage.swift; sourceTree = "<group>"; };
		5265F2918766A98A1ABAA9E23A7D86F4 /* AppLinksTests.swift */ = {isa = PBXFileReference; includeInIndex = 1; lastKnownFileType = sourcecode.swift; name = AppLinksTests.swift; path = unitTests/AppLinksTests.swift; sourceTree = "<group>"; };
		561201309CA6C1938F6EDABE5707BB5C /* Assets.xcassets */ = {isa = PBXFileReference; includeInIndex = 1; lastKnownFileType = folder.assetcatalog; name = Assets.xcassets; path = Resources/Assets.xcassets; sourceTree = "<group>"; };
		5C44C7959831802D61033865742BC6CB /* DemoActivities.swift */ = {isa = PBXFileReference; includeInIndex = 1; lastKnownFileType = sourcecode.swift; name = DemoActivities.swift; path = Sources/entities/catalog/model/DemoActivities.swift; sourceTree = "<group>"; };
		608E7AF00F3B9D41C8AD8CE5D5941798 /* DearbyControls.swift */ = {isa = PBXFileReference; includeInIndex = 1; lastKnownFileType = sourcecode.swift; name = DearbyControls.swift; path = Sources/shared/ui/DearbyControls.swift; sourceTree = "<group>"; };
		6289792D8D33D858797301901B2488A0 /* DearbyTests.xctest */ = {isa = PBXFileReference; explicitFileType = wrapper.cfbundle; includeInIndex = 0; path = DearbyTests.xctest; sourceTree = BUILT_PRODUCTS_DIR; };
		64FDD15B5A43C0D66431FED7337D632E /* IdentityViewModel.swift */ = {isa = PBXFileReference; includeInIndex = 1; lastKnownFileType = sourcecode.swift; name = IdentityViewModel.swift; path = Sources/widgets/identity/model/IdentityViewModel.swift; sourceTree = "<group>"; };
		661A055AC73772F7E17455AF6616C76D /* ActivityDetailView.swift */ = {isa = PBXFileReference; includeInIndex = 1; lastKnownFileType = sourcecode.swift; name = ActivityDetailView.swift; path = Sources/widgets/catalog/ui/ActivityDetailView.swift; sourceTree = "<group>"; };
		69A840F1CFD5D13F68659E625FA8F5AE /* HomePage.swift */ = {isa = PBXFileReference; includeInIndex = 1; lastKnownFileType = sourcecode.swift; name = HomePage.swift; path = Sources/pages/home/ui/HomePage.swift; sourceTree = "<group>"; };
		6E8A2692D80A39FB7CA8E319F3AD89EB /* AccountClient.swift */ = {isa = PBXFileReference; includeInIndex = 1; lastKnownFileType = sourcecode.swift; name = AccountClient.swift; path = Sources/entities/account/api/AccountClient.swift; sourceTree = "<group>"; };
		6F93036B4B01BC7FD9E165D4A81D805F /* AppLinks.swift */ = {isa = PBXFileReference; includeInIndex = 1; lastKnownFileType = sourcecode.swift; name = AppLinks.swift; path = Sources/shared/config/AppLinks.swift; sourceTree = "<group>"; };
		75C79AE36C9344F331B89D8AC12D7201 /* CalendarTimelineView.swift */ = {isa = PBXFileReference; includeInIndex = 1; lastKnownFileType = sourcecode.swift; name = CalendarTimelineView.swift; path = Sources/features/calendar/ui/CalendarTimelineView.swift; sourceTree = "<group>"; };
		789E5A705A72EBFBBB0094064B2150DE /* MyActivitiesPage.swift */ = {isa = PBXFileReference; includeInIndex = 1; lastKnownFileType = sourcecode.swift; name = MyActivitiesPage.swift; path = Sources/widgets/catalog/ui/MyActivitiesPage.swift; sourceTree = "<group>"; };
		795F9A5B919DE6FA38B644000E836069 /* IdentityPresentation.swift */ = {isa = PBXFileReference; includeInIndex = 1; lastKnownFileType = sourcecode.swift; name = IdentityPresentation.swift; path = Sources/entities/identity/ui/IdentityPresentation.swift; sourceTree = "<group>"; };
		7FDB1646F6B89D9F730B544B1754486A /* AccountTests.swift */ = {isa = PBXFileReference; includeInIndex = 1; lastKnownFileType = sourcecode.swift; name = AccountTests.swift; path = unitTests/AccountTests.swift; sourceTree = "<group>"; };
		8224E809AE6AE3EC7681507295090D42 /* DemoApplicationView.swift */ = {isa = PBXFileReference; includeInIndex = 1; lastKnownFileType = sourcecode.swift; name = DemoApplicationView.swift; path = Sources/features/application/ui/DemoApplicationView.swift; sourceTree = "<group>"; };
		8BE5F107089ED3726E5D9E5D96460C5B /* SharedCardPage.swift */ = {isa = PBXFileReference; includeInIndex = 1; lastKnownFileType = sourcecode.swift; name = SharedCardPage.swift; path = Sources/widgets/identity/ui/SharedCardPage.swift; sourceTree = "<group>"; };
		8F022BE5B50A2522B1434E8B1DF8B1A8 /* CalendarConflictState.swift */ = {isa = PBXFileReference; includeInIndex = 1; lastKnownFileType = sourcecode.swift; name = CalendarConflictState.swift; path = Sources/features/calendar/model/CalendarConflictState.swift; sourceTree = "<group>"; };
		90CABC36082971EEB254740B8F310502 /* QRPage.swift */ = {isa = PBXFileReference; includeInIndex = 1; lastKnownFileType = sourcecode.swift; name = QRPage.swift; path = Sources/widgets/identity/ui/QRPage.swift; sourceTree = "<group>"; };
		978BED74935D30CB36A80AB1C2C3F8DB /* PrototypeTests.swift */ = {isa = PBXFileReference; includeInIndex = 1; lastKnownFileType = sourcecode.swift; name = PrototypeTests.swift; path = unitTests/PrototypeTests.swift; sourceTree = "<group>"; };
		99A7B49B3B51DF760FAB8B6CEC93C148 /* DemoIdentity.swift */ = {isa = PBXFileReference; includeInIndex = 1; lastKnownFileType = sourcecode.swift; name = DemoIdentity.swift; path = Sources/entities/identity/model/DemoIdentity.swift; sourceTree = "<group>"; };
		9F2AE5D5BD77387A4AA95C86B87D0C6C /* ActivityModel.swift */ = {isa = PBXFileReference; includeInIndex = 1; lastKnownFileType = sourcecode.swift; name = ActivityModel.swift; path = Sources/entities/catalog/model/ActivityModel.swift; sourceTree = "<group>"; };
		AE6433D97B9C416720DF58C99A8CC02A /* AccountViewModel.swift */ = {isa = PBXFileReference; includeInIndex = 1; lastKnownFileType = sourcecode.swift; name = AccountViewModel.swift; path = Sources/features/account/model/AccountViewModel.swift; sourceTree = "<group>"; };
		B56B5187FCAB7FB9007448A5EEFE0EAA /* AccountRealAPITests.swift */ = {isa = PBXFileReference; includeInIndex = 1; lastKnownFileType = sourcecode.swift; name = AccountRealAPITests.swift; path = unitTests/AccountRealAPITests.swift; sourceTree = "<group>"; };
		C73CC63F2BB9EE30AFC5747F735DFC46 /* IdentityPrototypeTests.swift */ = {isa = PBXFileReference; includeInIndex = 1; lastKnownFileType = sourcecode.swift; name = IdentityPrototypeTests.swift; path = unitTests/IdentityPrototypeTests.swift; sourceTree = "<group>"; };
		C82C1616BCBF6DBDE4753B1322F0C8BE /* SessionVault.swift */ = {isa = PBXFileReference; includeInIndex = 1; lastKnownFileType = sourcecode.swift; name = SessionVault.swift; path = Sources/entities/account/api/SessionVault.swift; sourceTree = "<group>"; };
		C9B7DBCE2C8261A4A9DAAC5BEEAF0508 /* CardView.swift */ = {isa = PBXFileReference; includeInIndex = 1; lastKnownFileType = sourcecode.swift; name = CardView.swift; path = Sources/entities/identity/ui/CardView.swift; sourceTree = "<group>"; };
		DA3A084864F9900CA48C704980DE993C /* ActivityInformationView.swift */ = {isa = PBXFileReference; includeInIndex = 1; lastKnownFileType = sourcecode.swift; name = ActivityInformationView.swift; path = Sources/widgets/catalog/ui/ActivityInformationView.swift; sourceTree = "<group>"; };
		DC1B6AC58A2946DFB227564176976E5D /* AppLinkProvider.swift */ = {isa = PBXFileReference; includeInIndex = 1; lastKnownFileType = sourcecode.swift; name = AppLinkProvider.swift; path = Sources/app/providers/AppLinkProvider.swift; sourceTree = "<group>"; };
		E74338EE1A0DC84747CA06745D09ADB7 /* Foundation.framework */ = {isa = PBXFileReference; lastKnownFileType = wrapper.framework; name = Foundation.framework; path = Platforms/iPhoneOS.platform/Developer/SDKs/iPhoneOS26.0.sdk/System/Library/Frameworks/Foundation.framework; sourceTree = DEVELOPER_DIR; };
		E7C37286F0E3864A8B81D368E03795BD /* DearbyComponents.swift */ = {isa = PBXFileReference; includeInIndex = 1; lastKnownFileType = sourcecode.swift; name = DearbyComponents.swift; path = Sources/shared/ui/DearbyComponents.swift; sourceTree = "<group>"; };
		EA03AC3C587B75D848E3034BA3C170F0 /* DearbyUITests.xctest */ = {isa = PBXFileReference; explicitFileType = wrapper.cfbundle; includeInIndex = 0; path = DearbyUITests.xctest; sourceTree = BUILT_PRODUCTS_DIR; };
		EC82C499D2909A1867F90D21FAF59445 /* DearbyStyle.swift */ = {isa = PBXFileReference; includeInIndex = 1; lastKnownFileType = sourcecode.swift; name = DearbyStyle.swift; path = Sources/shared/ui/DearbyStyle.swift; sourceTree = "<group>"; };
		EE2251C834E12A4837B57BBA2AF785DA /* ActivityArtwork.swift */ = {isa = PBXFileReference; includeInIndex = 1; lastKnownFileType = sourcecode.swift; name = ActivityArtwork.swift; path = Sources/widgets/catalog/ui/ActivityArtwork.swift; sourceTree = "<group>"; };
		F21D2E6FF816E81FE74EC3CB94269414 /* ActivityRow.swift */ = {isa = PBXFileReference; includeInIndex = 1; lastKnownFileType = sourcecode.swift; name = ActivityRow.swift; path = Sources/widgets/catalog/ui/ActivityRow.swift; sourceTree = "<group>"; };
		F65112174D4A54E6056C91B7175F93C3 /* DiscoveryNavigationTests.swift */ = {isa = PBXFileReference; includeInIndex = 1; lastKnownFileType = sourcecode.swift; name = DiscoveryNavigationTests.swift; path = uiTests/DiscoveryNavigationTests.swift; sourceTree = "<group>"; };
		F75F00BB9EAD0C3B1B04038D7C53431F /* CatalogPage.swift */ = {isa = PBXFileReference; includeInIndex = 1; lastKnownFileType = sourcecode.swift; name = CatalogPage.swift; path = Sources/widgets/catalog/ui/CatalogPage.swift; sourceTree = "<group>"; };
/* End PBXFileReference section */

/* Begin PBXFrameworksBuildPhase section */
		79EECF8512355C8F493FB0FBC3871C52 /* Frameworks */ = {
			isa = PBXFrameworksBuildPhase;
			buildActionMask = 2147483647;
			files = (
				48532031337BF48866D1A9E93E8F2606 /* Foundation.framework in Frameworks */,
			);
			runOnlyForDeploymentPostprocessing = 0;
		};
		8DAB5ACC8B6536AA9BC4D678AA6D4428 /* Frameworks */ = {
			isa = PBXFrameworksBuildPhase;
			buildActionMask = 2147483647;
			files = (
				64E662322EC5F5C6316D9670314D9887 /* Foundation.framework in Frameworks */,
			);
			runOnlyForDeploymentPostprocessing = 0;
		};
		C05BFA74876E9732BA88C8E917E6EFD0 /* Frameworks */ = {
			isa = PBXFrameworksBuildPhase;
			buildActionMask = 2147483647;
			files = (
				66301DBB378C7D46E09C60CA71813701 /* Foundation.framework in Frameworks */,
			);
			runOnlyForDeploymentPostprocessing = 0;
		};
/* End PBXFrameworksBuildPhase section */

/* Begin PBXGroup section */
		10C3DC718E5EEDFB872ACAD6FFC46776 /* iOS */ = {
			isa = PBXGroup;
			children = (
				E74338EE1A0DC84747CA06745D09ADB7 /* Foundation.framework */,
			);
			name = iOS;
			sourceTree = "<group>";
		};
		1A8D98290730476D1DE92E00B2ECD74E /* Sources */ = {
			isa = PBXGroup;
			children = (
				0F5B518140BB6ED68B03F0C1C5630E5D /* DearbyApp.swift */,
				DC1B6AC58A2946DFB227564176976E5D /* AppLinkProvider.swift */,
				6E8A2692D80A39FB7CA8E319F3AD89EB /* AccountClient.swift */,
				C82C1616BCBF6DBDE4753B1322F0C8BE /* SessionVault.swift */,
				1D12499A80BF73AAB2E021AEC1F2605B /* AccountModels.swift */,
				9F2AE5D5BD77387A4AA95C86B87D0C6C /* ActivityModel.swift */,
				5C44C7959831802D61033865742BC6CB /* DemoActivities.swift */,
				99A7B49B3B51DF760FAB8B6CEC93C148 /* DemoIdentity.swift */,
				C9B7DBCE2C8261A4A9DAAC5BEEAF0508 /* CardView.swift */,
				795F9A5B919DE6FA38B644000E836069 /* IdentityPresentation.swift */,
				AE6433D97B9C416720DF58C99A8CC02A /* AccountViewModel.swift */,
				8224E809AE6AE3EC7681507295090D42 /* DemoApplicationView.swift */,
				8F022BE5B50A2522B1434E8B1DF8B1A8 /* CalendarConflictState.swift */,
				1B0BC6B7D3BDB6045932CFF9A641FBCF /* CalendarConflictView.swift */,
				75C79AE36C9344F331B89D8AC12D7201 /* CalendarTimelineView.swift */,
				69A840F1CFD5D13F68659E625FA8F5AE /* HomePage.swift */,
				6F93036B4B01BC7FD9E165D4A81D805F /* AppLinks.swift */,
				E7C37286F0E3864A8B81D368E03795BD /* DearbyComponents.swift */,
				608E7AF00F3B9D41C8AD8CE5D5941798 /* DearbyControls.swift */,
				EC82C499D2909A1867F90D21FAF59445 /* DearbyStyle.swift */,
				053751703539BD5009838DE016BAB2C8 /* CatalogViewModel.swift */,
				EE2251C834E12A4837B57BBA2AF785DA /* ActivityArtwork.swift */,
				661A055AC73772F7E17455AF6616C76D /* ActivityDetailView.swift */,
				DA3A084864F9900CA48C704980DE993C /* ActivityInformationView.swift */,
				F21D2E6FF816E81FE74EC3CB94269414 /* ActivityRow.swift */,
				F75F00BB9EAD0C3B1B04038D7C53431F /* CatalogPage.swift */,
				789E5A705A72EBFBBB0094064B2150DE /* MyActivitiesPage.swift */,
				64FDD15B5A43C0D66431FED7337D632E /* IdentityViewModel.swift */,
				1CB04900E4A319665A4E906A3EB8AE52 /* CardEditorPage.swift */,
				340D8DA80D4584003E6F7250B017E625 /* ProfilePage.swift */,
				90CABC36082971EEB254740B8F310502 /* QRPage.swift */,
				8BE5F107089ED3726E5D9E5D96460C5B /* SharedCardPage.swift */,
				09BD2E12FC7A4F0DB30CDD9EA114AE00 /* WalletPage.swift */,
			);
			name = Sources;
			sourceTree = "<group>";
		};
		6D8019C4DFC001FB98E7C993097BE0C0 /* Products */ = {
			isa = PBXGroup;
			children = (
				0EC0A14C40C1E6A227D18FCFA2314518 /* Dearby.app */,
				6289792D8D33D858797301901B2488A0 /* DearbyTests.xctest */,
				EA03AC3C587B75D848E3034BA3C170F0 /* DearbyUITests.xctest */,
			);
			name = Products;
			sourceTree = "<group>";
		};
		73F778D38E1051DC3B2D09A27729A582 /* Resources */ = {
			isa = PBXGroup;
			children = (
				561201309CA6C1938F6EDABE5707BB5C /* Assets.xcassets */,
			);
			name = Resources;
			sourceTree = "<group>";
		};
		80E5F736C614F64399D3267F2F294958 /* Frameworks */ = {
			isa = PBXGroup;
			children = (
				10C3DC718E5EEDFB872ACAD6FFC46776 /* iOS */,
			);
			name = Frameworks;
			sourceTree = "<group>";
		};
		94DC0D6A042DE748C73AAC1E3B0CF79C = {
			isa = PBXGroup;
			children = (
				6D8019C4DFC001FB98E7C993097BE0C0 /* Products */,
				80E5F736C614F64399D3267F2F294958 /* Frameworks */,
				1A8D98290730476D1DE92E00B2ECD74E /* Sources */,
				F143DE1A15691333B2AB506363D059E8 /* unitTests */,
				94E70C72FDAFF7FA89B6ABA5AAA01CC4 /* uiTests */,
				73F778D38E1051DC3B2D09A27729A582 /* Resources */,
			);
			sourceTree = "<group>";
		};
		94E70C72FDAFF7FA89B6ABA5AAA01CC4 /* uiTests */ = {
			isa = PBXGroup;
			children = (
				F65112174D4A54E6056C91B7175F93C3 /* DiscoveryNavigationTests.swift */,
				239302520DB0B98BC20A07DBE4D1648F /* IdentityNavigationTests.swift */,
			);
			name = uiTests;
			sourceTree = "<group>";
		};
		F143DE1A15691333B2AB506363D059E8 /* unitTests */ = {
			isa = PBXGroup;
			children = (
				B56B5187FCAB7FB9007448A5EEFE0EAA /* AccountRealAPITests.swift */,
				7FDB1646F6B89D9F730B544B1754486A /* AccountTests.swift */,
				5265F2918766A98A1ABAA9E23A7D86F4 /* AppLinksTests.swift */,
				C73CC63F2BB9EE30AFC5747F735DFC46 /* IdentityPrototypeTests.swift */,
				978BED74935D30CB36A80AB1C2C3F8DB /* PrototypeTests.swift */,
				2F2F8BF45C02276E56BC1F6C491E2B1D /* SharedControlsLayoutTests.swift */,
			);
			name = unitTests;
			sourceTree = "<group>";
		};
/* End PBXGroup section */

/* Begin PBXNativeTarget section */
		461E128953BEE5F4C8C3C06BB079C2BE /* Dearby */ = {
			isa = PBXNativeTarget;
			buildConfigurationList = 37F415A5473060E6BE56B4081D0BB1C3 /* Build configuration list for PBXNativeTarget "Dearby" */;
			buildPhases = (
				9E4E0EE649E280E7A6C8D2C1FC507911 /* Validate connection origins */,
				3B902B01292EB2D7CB9A4E1212152599 /* Sources */,
				79EECF8512355C8F493FB0FBC3871C52 /* Frameworks */,
				D8D22C49055B23FE50FAC265CAA71607 /* Resources */,
			);
			buildRules = (
			);
			dependencies = (
			);
			name = Dearby;
			productName = Dearby;
			productReference = 0EC0A14C40C1E6A227D18FCFA2314518 /* Dearby.app */;
			productType = "com.apple.product-type.application";
		};
		F56AF7E14EED9F658FE3900477DD275F /* DearbyTests */ = {
			isa = PBXNativeTarget;
			buildConfigurationList = 1CFFB7C381B42A2CAAC2559135BFD201 /* Build configuration list for PBXNativeTarget "DearbyTests" */;
			buildPhases = (
				4AFDE96580F009427C476F7A82EB670F /* Sources */,
				8DAB5ACC8B6536AA9BC4D678AA6D4428 /* Frameworks */,
				9456354F78C254A37C8126D3BB0C4ECE /* Resources */,
			);
			buildRules = (
			);
			dependencies = (
				6D7A99DCA5941C1721672B1F9A3EA731 /* PBXTargetDependency */,
			);
			name = DearbyTests;
			productName = DearbyTests;
			productReference = 6289792D8D33D858797301901B2488A0 /* DearbyTests.xctest */;
			productType = "com.apple.product-type.bundle.unit-test";
		};
		F6EA7A098C6F1E9BBBCE1F0543B96A71 /* DearbyUITests */ = {
			isa = PBXNativeTarget;
			buildConfigurationList = 914369B4E36A0154B260058750A7F35B /* Build configuration list for PBXNativeTarget "DearbyUITests" */;
			buildPhases = (
				ED19BD3E7E95BE3C2AAC881E40BBFC22 /* Sources */,
				C05BFA74876E9732BA88C8E917E6EFD0 /* Frameworks */,
				6649EFF944AEA93A3D883D9681B2340A /* Resources */,
			);
			buildRules = (
			);
			dependencies = (
				8DF35E41C05095F0E70CCF0F4D03D3D1 /* PBXTargetDependency */,
			);
			name = DearbyUITests;
			productName = DearbyUITests;
			productReference = EA03AC3C587B75D848E3034BA3C170F0 /* DearbyUITests.xctest */;
			productType = "com.apple.product-type.bundle.ui-testing";
		};
/* End PBXNativeTarget section */

/* Begin PBXProject section */
		A3CEDBB63E4F6FDBB16A1A5A8F9EDEA6 /* Project object */ = {
			isa = PBXProject;
			attributes = {
				LastSwiftUpdateCheck = 1600;
				LastUpgradeCheck = 1600;
			};
			buildConfigurationList = EE790313FB7505DB22D34E6CC8291B69 /* Build configuration list for PBXProject "Dearby" */;
			compatibilityVersion = "Xcode 3.2";
			developmentRegion = en;
			hasScannedForEncodings = 0;
			knownRegions = (
				en,
				Base,
			);
			mainGroup = 94DC0D6A042DE748C73AAC1E3B0CF79C;
			minimizedProjectReferenceProxies = 0;
			preferredProjectObjectVersion = 100;
			productRefGroup = 6D8019C4DFC001FB98E7C993097BE0C0 /* Products */;
			projectDirPath = "";
			projectRoot = "";
			targets = (
				461E128953BEE5F4C8C3C06BB079C2BE /* Dearby */,
				F56AF7E14EED9F658FE3900477DD275F /* DearbyTests */,
				F6EA7A098C6F1E9BBBCE1F0543B96A71 /* DearbyUITests */,
			);
		};
/* End PBXProject section */

/* Begin PBXResourcesBuildPhase section */
		6649EFF944AEA93A3D883D9681B2340A /* Resources */ = {
			isa = PBXResourcesBuildPhase;
			buildActionMask = 2147483647;
			files = (
			);
			runOnlyForDeploymentPostprocessing = 0;
		};
		9456354F78C254A37C8126D3BB0C4ECE /* Resources */ = {
			isa = PBXResourcesBuildPhase;
			buildActionMask = 2147483647;
			files = (
			);
			runOnlyForDeploymentPostprocessing = 0;
		};
		D8D22C49055B23FE50FAC265CAA71607 /* Resources */ = {
			isa = PBXResourcesBuildPhase;
			buildActionMask = 2147483647;
			files = (
				9B52379E28B72600D31CA3FF21857EBC /* Assets.xcassets in Resources */,
			);
			runOnlyForDeploymentPostprocessing = 0;
		};
/* End PBXResourcesBuildPhase section */

/* Begin PBXShellScriptBuildPhase section */
		9E4E0EE649E280E7A6C8D2C1FC507911 /* Validate connection origins */ = {
			isa = PBXShellScriptBuildPhase;
			alwaysOutOfDate = 1;
			buildActionMask = 2147483647;
			files = (
			);
			inputFileListPaths = (
			);
			inputPaths = (
			);
			name = "Validate connection origins";
			outputFileListPaths = (
			);
			outputPaths = (
			);
			runOnlyForDeploymentPostprocessing = 0;
			shellPath = /bin/sh;
			shellScript = "bash \"$SRCROOT/scripts/validate_origins.sh\"";
		};
/* End PBXShellScriptBuildPhase section */

/* Begin PBXSourcesBuildPhase section */
		3B902B01292EB2D7CB9A4E1212152599 /* Sources */ = {
			isa = PBXSourcesBuildPhase;
			buildActionMask = 2147483647;
			files = (
				A4ED95940C95340636E3381CDB3BC365 /* DearbyApp.swift in Sources */,
				A7AE31E874A23BC7EEF9F57458846E49 /* AppLinkProvider.swift in Sources */,
				21F7006ECC67F4F1C5D0E0E120F57870 /* AccountClient.swift in Sources */,
				592A8474FD55226D0407005AC2AAD9A4 /* SessionVault.swift in Sources */,
				C8AD8EAE716B3529884956B0412770FF /* AccountModels.swift in Sources */,
				7B0B95DE8ABFA03F095EFCEBDB780686 /* ActivityModel.swift in Sources */,
				A98E033B983CE19F49EBBC03E3C3470B /* DemoActivities.swift in Sources */,
				3B3EC95EC2BFF0905378F356F4EF9012 /* DemoIdentity.swift in Sources */,
				5B2A1758471BF45AE52F8588B024BDE5 /* CardView.swift in Sources */,
				492273E43C03AC2A2A25FFE066FBCE06 /* IdentityPresentation.swift in Sources */,
				A553F63A61ABBE6F93677564547E36E4 /* AccountViewModel.swift in Sources */,
				357AC53CAD6E62094FC16BD296F45217 /* DemoApplicationView.swift in Sources */,
				2223C5CFBD4B7E0CB19E181CED95A402 /* CalendarConflictState.swift in Sources */,
				E0BBC97693074A2DC20E099ED270B7E3 /* CalendarConflictView.swift in Sources */,
				113FBC41394B77BCEB8A46A0F694F956 /* CalendarTimelineView.swift in Sources */,
				E4DDBD01302837017017041DE28696AB /* HomePage.swift in Sources */,
				79754012CCB77CDCCD3EAEE712FE542D /* AppLinks.swift in Sources */,
				92A5F1517F2C4F37DD5581EAA0EE4B92 /* DearbyComponents.swift in Sources */,
				5DB7E143C2F0F312A3D330CD5D8F57B1 /* DearbyControls.swift in Sources */,
				6F9608C0DA645E58CBE14AD409B2B776 /* DearbyStyle.swift in Sources */,
				024F8011C89F6C6B61A425C119756C72 /* CatalogViewModel.swift in Sources */,
				330BC2435159BF2AAB0F6B1D75B30F59 /* ActivityArtwork.swift in Sources */,
				7694EA0018B448EE5A4EB874FA5ED756 /* ActivityDetailView.swift in Sources */,
				FC8C9DD7C0FDB32FD961E2F4C5929714 /* ActivityInformationView.swift in Sources */,
				E03A237515EF432877813E53F7F5CB1A /* ActivityRow.swift in Sources */,
				59BF094B573DD274155FBE8B4B1B483B /* CatalogPage.swift in Sources */,
				FADBD075419FDA16E5F3AC420B6BFD3E /* MyActivitiesPage.swift in Sources */,
				FDA83D2015D4A02D7AEB9D69ABE3EE9E /* IdentityViewModel.swift in Sources */,
				46B0D06F00A83DFFDCED80FEF31D836D /* CardEditorPage.swift in Sources */,
				3137B75BE7C65A93B59E03B5F5076FAF /* ProfilePage.swift in Sources */,
				ACAF17E6973256AFD18AF1DCDB2B6EED /* QRPage.swift in Sources */,
				E7B2CB80F158F564311630C34E1B22FF /* SharedCardPage.swift in Sources */,
				574FFA20ECD47962008A4FC1D996FB3D /* WalletPage.swift in Sources */,
			);
			runOnlyForDeploymentPostprocessing = 0;
		};
		4AFDE96580F009427C476F7A82EB670F /* Sources */ = {
			isa = PBXSourcesBuildPhase;
			buildActionMask = 2147483647;
			files = (
				047DDB11AB2FDC7C57BBCCA25052109B /* AccountRealAPITests.swift in Sources */,
				86562C57275E8FAFECDB6726FBAB36AC /* AccountTests.swift in Sources */,
				E72FAAC7DA1F3C7DBD81A23104EEF50F /* AppLinksTests.swift in Sources */,
				B75463FFB4FA73FF88A7488F39D58CA3 /* IdentityPrototypeTests.swift in Sources */,
				1E14F1AB3C32DE9C5A51E93BC110406C /* PrototypeTests.swift in Sources */,
				E9F8484A5CED9543D18C2C24DA52803D /* SharedControlsLayoutTests.swift in Sources */,
			);
			runOnlyForDeploymentPostprocessing = 0;
		};
		ED19BD3E7E95BE3C2AAC881E40BBFC22 /* Sources */ = {
			isa = PBXSourcesBuildPhase;
			buildActionMask = 2147483647;
			files = (
				E53CCCE0AB2F34B5DAD1B4F9F9DED3C9 /* DiscoveryNavigationTests.swift in Sources */,
				65C8439933C9AC6499DB9B92B23BE244 /* IdentityNavigationTests.swift in Sources */,
			);
			runOnlyForDeploymentPostprocessing = 0;
		};
/* End PBXSourcesBuildPhase section */

/* Begin PBXTargetDependency section */
		6D7A99DCA5941C1721672B1F9A3EA731 /* PBXTargetDependency */ = {
			isa = PBXTargetDependency;
			name = Dearby;
			target = 461E128953BEE5F4C8C3C06BB079C2BE /* Dearby */;
			targetProxy = AFF92B67E8E5B8AE39D5756275EF9F00 /* PBXContainerItemProxy */;
		};
		8DF35E41C05095F0E70CCF0F4D03D3D1 /* PBXTargetDependency */ = {
			isa = PBXTargetDependency;
			name = Dearby;
			target = 461E128953BEE5F4C8C3C06BB079C2BE /* Dearby */;
			targetProxy = 63EBED741CC900E5AC771F650F15B63D /* PBXContainerItemProxy */;
		};
/* End PBXTargetDependency section */

/* Begin XCBuildConfiguration section */
		11E39BF9EBC19C3B065F4ED4B9A5AF43 /* Debug */ = {
			isa = XCBuildConfiguration;
			buildSettings = {
				CLANG_ENABLE_OBJC_WEAK = NO;
				CODE_SIGN_STYLE = Automatic;
				GENERATE_INFOPLIST_FILE = YES;
				IPHONEOS_DEPLOYMENT_TARGET = 18.0;
				PRODUCT_BUNDLE_IDENTIFIER = com.dearby.dearbyuitests;
				SDKROOT = iphoneos;
				SWIFT_STRICT_CONCURRENCY = complete;
				SWIFT_VERSION = 6.0;
				TARGETED_DEVICE_FAMILY = "1,2";
				TEST_TARGET_NAME = Dearby;
			};
			name = Debug;
		};
		29970C1ED19C9C36AD6344461A349427 /* Release */ = {
			isa = XCBuildConfiguration;
			buildSettings = {
				ALWAYS_SEARCH_USER_PATHS = NO;
				CLANG_ANALYZER_NONNULL = YES;
				CLANG_ANALYZER_NUMBER_OBJECT_CONVERSION = YES_AGGRESSIVE;
				CLANG_CXX_LANGUAGE_STANDARD = "gnu++14";
				CLANG_CXX_LIBRARY = "libc++";
				CLANG_ENABLE_MODULES = YES;
				CLANG_ENABLE_OBJC_ARC = YES;
				CLANG_ENABLE_OBJC_WEAK = YES;
				CLANG_WARN_BLOCK_CAPTURE_AUTORELEASING = YES;
				CLANG_WARN_BOOL_CONVERSION = YES;
				CLANG_WARN_COMMA = YES;
				CLANG_WARN_CONSTANT_CONVERSION = YES;
				CLANG_WARN_DEPRECATED_OBJC_IMPLEMENTATIONS = YES;
				CLANG_WARN_DIRECT_OBJC_ISA_USAGE = YES_ERROR;
				CLANG_WARN_DOCUMENTATION_COMMENTS = YES;
				CLANG_WARN_EMPTY_BODY = YES;
				CLANG_WARN_ENUM_CONVERSION = YES;
				CLANG_WARN_INFINITE_RECURSION = YES;
				CLANG_WARN_INT_CONVERSION = YES;
				CLANG_WARN_NON_LITERAL_NULL_CONVERSION = YES;
				CLANG_WARN_OBJC_IMPLICIT_RETAIN_SELF = YES;
				CLANG_WARN_OBJC_LITERAL_CONVERSION = YES;
				CLANG_WARN_OBJC_ROOT_CLASS = YES_ERROR;
				CLANG_WARN_QUOTED_INCLUDE_IN_FRAMEWORK_HEADER = YES;
				CLANG_WARN_RANGE_LOOP_ANALYSIS = YES;
				CLANG_WARN_STRICT_PROTOTYPES = YES;
				CLANG_WARN_SUSPICIOUS_MOVE = YES;
				CLANG_WARN_UNGUARDED_AVAILABILITY = YES_AGGRESSIVE;
				CLANG_WARN_UNREACHABLE_CODE = YES;
				CLANG_WARN__DUPLICATE_METHOD_MATCH = YES;
				COPY_PHASE_STRIP = NO;
				DEBUG_INFORMATION_FORMAT = "dwarf-with-dsym";
				ENABLE_NS_ASSERTIONS = NO;
				ENABLE_STRICT_OBJC_MSGSEND = YES;
				GCC_C_LANGUAGE_STANDARD = gnu11;
				GCC_NO_COMMON_BLOCKS = YES;
				GCC_WARN_64_TO_32_BIT_CONVERSION = YES;
				GCC_WARN_ABOUT_RETURN_TYPE = YES_ERROR;
				GCC_WARN_UNDECLARED_SELECTOR = YES;
				GCC_WARN_UNINITIALIZED_AUTOS = YES_AGGRESSIVE;
				GCC_WARN_UNUSED_FUNCTION = YES;
				GCC_WARN_UNUSED_VARIABLE = YES;
				MTL_ENABLE_DEBUG_INFO = NO;
				MTL_FAST_MATH = YES;
				PRODUCT_NAME = "$(TARGET_NAME)";
				SWIFT_COMPILATION_MODE = wholemodule;
				SWIFT_OPTIMIZATION_LEVEL = "-O";
				SWIFT_VERSION = 5.0;
			};
			name = Release;
		};
		2A4AC4F1E96074A0DE38B2EB0AB39D3E /* Release */ = {
			isa = XCBuildConfiguration;
			buildSettings = {
				BUNDLE_LOADER = "$(TEST_HOST)";
				CLANG_ENABLE_OBJC_WEAK = NO;
				CODE_SIGN_STYLE = Automatic;
				GENERATE_INFOPLIST_FILE = YES;
				IPHONEOS_DEPLOYMENT_TARGET = 18.0;
				PRODUCT_BUNDLE_IDENTIFIER = com.dearby.dearbytests;
				SDKROOT = iphoneos;
				SWIFT_STRICT_CONCURRENCY = complete;
				SWIFT_VERSION = 6.0;
				TARGETED_DEVICE_FAMILY = "1,2";
				TEST_HOST = "$(BUILT_PRODUCTS_DIR)/Dearby.app/$(BUNDLE_EXECUTABLE_FOLDER_PATH)/Dearby";
				VALIDATE_PRODUCT = YES;
			};
			name = Release;
		};
		694FE13F8C01D71A196B3C736EE5EC93 /* Debug */ = {
			isa = XCBuildConfiguration;
			buildSettings = {
				BUNDLE_LOADER = "$(TEST_HOST)";
				CLANG_ENABLE_OBJC_WEAK = NO;
				CODE_SIGN_STYLE = Automatic;
				GENERATE_INFOPLIST_FILE = YES;
				IPHONEOS_DEPLOYMENT_TARGET = 18.0;
				PRODUCT_BUNDLE_IDENTIFIER = com.dearby.dearbytests;
				SDKROOT = iphoneos;
				SWIFT_STRICT_CONCURRENCY = complete;
				SWIFT_VERSION = 6.0;
				TARGETED_DEVICE_FAMILY = "1,2";
				TEST_HOST = "$(BUILT_PRODUCTS_DIR)/Dearby.app/$(BUNDLE_EXECUTABLE_FOLDER_PATH)/Dearby";
			};
			name = Debug;
		};
		6ECEBFABC274003C57C5512DE85B8743 /* Debug */ = {
			isa = XCBuildConfiguration;
			buildSettings = {
				ALWAYS_SEARCH_USER_PATHS = NO;
				CLANG_ANALYZER_NONNULL = YES;
				CLANG_ANALYZER_NUMBER_OBJECT_CONVERSION = YES_AGGRESSIVE;
				CLANG_CXX_LANGUAGE_STANDARD = "gnu++14";
				CLANG_CXX_LIBRARY = "libc++";
				CLANG_ENABLE_MODULES = YES;
				CLANG_ENABLE_OBJC_ARC = YES;
				CLANG_ENABLE_OBJC_WEAK = YES;
				CLANG_WARN_BLOCK_CAPTURE_AUTORELEASING = YES;
				CLANG_WARN_BOOL_CONVERSION = YES;
				CLANG_WARN_COMMA = YES;
				CLANG_WARN_CONSTANT_CONVERSION = YES;
				CLANG_WARN_DEPRECATED_OBJC_IMPLEMENTATIONS = YES;
				CLANG_WARN_DIRECT_OBJC_ISA_USAGE = YES_ERROR;
				CLANG_WARN_DOCUMENTATION_COMMENTS = YES;
				CLANG_WARN_EMPTY_BODY = YES;
				CLANG_WARN_ENUM_CONVERSION = YES;
				CLANG_WARN_INFINITE_RECURSION = YES;
				CLANG_WARN_INT_CONVERSION = YES;
				CLANG_WARN_NON_LITERAL_NULL_CONVERSION = YES;
				CLANG_WARN_OBJC_IMPLICIT_RETAIN_SELF = YES;
				CLANG_WARN_OBJC_LITERAL_CONVERSION = YES;
				CLANG_WARN_OBJC_ROOT_CLASS = YES_ERROR;
				CLANG_WARN_QUOTED_INCLUDE_IN_FRAMEWORK_HEADER = YES;
				CLANG_WARN_RANGE_LOOP_ANALYSIS = YES;
				CLANG_WARN_STRICT_PROTOTYPES = YES;
				CLANG_WARN_SUSPICIOUS_MOVE = YES;
				CLANG_WARN_UNGUARDED_AVAILABILITY = YES_AGGRESSIVE;
				CLANG_WARN_UNREACHABLE_CODE = YES;
				CLANG_WARN__DUPLICATE_METHOD_MATCH = YES;
				COPY_PHASE_STRIP = NO;
				DEBUG_INFORMATION_FORMAT = dwarf;
				ENABLE_STRICT_OBJC_MSGSEND = YES;
				ENABLE_TESTABILITY = YES;
				GCC_C_LANGUAGE_STANDARD = gnu11;
				GCC_DYNAMIC_NO_PIC = NO;
				GCC_NO_COMMON_BLOCKS = YES;
				GCC_OPTIMIZATION_LEVEL = 0;
				GCC_PREPROCESSOR_DEFINITIONS = (
					"DEBUG=1",
					"$(inherited)",
				);
				GCC_WARN_64_TO_32_BIT_CONVERSION = YES;
				GCC_WARN_ABOUT_RETURN_TYPE = YES_ERROR;
				GCC_WARN_UNDECLARED_SELECTOR = YES;
				GCC_WARN_UNINITIALIZED_AUTOS = YES_AGGRESSIVE;
				GCC_WARN_UNUSED_FUNCTION = YES;
				GCC_WARN_UNUSED_VARIABLE = YES;
				MTL_ENABLE_DEBUG_INFO = INCLUDE_SOURCE;
				MTL_FAST_MATH = YES;
				ONLY_ACTIVE_ARCH = YES;
				PRODUCT_NAME = "$(TARGET_NAME)";
				SWIFT_ACTIVE_COMPILATION_CONDITIONS = DEBUG;
				SWIFT_OPTIMIZATION_LEVEL = "-Onone";
				SWIFT_VERSION = 5.0;
			};
			name = Debug;
		};
		7203E9F2F423CB52154A153C2B7355C9 /* Debug */ = {
			isa = XCBuildConfiguration;
			buildSettings = {
				ASSETCATALOG_COMPILER_APPICON_NAME = AppIcon;
				ASSETCATALOG_COMPILER_GLOBAL_ACCENT_COLOR_NAME = "";
				CLANG_ENABLE_OBJC_WEAK = NO;
				CODE_SIGN_STYLE = Automatic;
				CURRENT_PROJECT_VERSION = 1;
				DEARBY_WEB_HOST = "$(DEARBY_WEB_ORIGIN:file)";
				GENERATE_INFOPLIST_FILE = YES;
				INFOPLIST_FILE = "Info-Debug.plist";
				INFOPLIST_KEY_CFBundleDisplayName = Dearby;
				INFOPLIST_KEY_UIApplicationSceneManifest_Generation = YES;
				INFOPLIST_KEY_UILaunchScreen_Generation = YES;
				IPHONEOS_DEPLOYMENT_TARGET = 18.0;
				LD_RUNPATH_SEARCH_PATHS = "$(inherited) @executable_path/Frameworks";
				MARKETING_VERSION = 0.1.0;
				PRODUCT_BUNDLE_IDENTIFIER = com.dearby.dearby;
				SDKROOT = iphoneos;
				SWIFT_ACTIVE_COMPILATION_CONDITIONS = DEBUG;
				SWIFT_STRICT_CONCURRENCY = complete;
				SWIFT_VERSION = 6.0;
				TARGETED_DEVICE_FAMILY = "1,2";
			};
			name = Debug;
		};
		AACAA6051421545E9AE1829ABC644489 /* Release */ = {
			isa = XCBuildConfiguration;
			buildSettings = {
				CLANG_ENABLE_OBJC_WEAK = NO;
				CODE_SIGN_STYLE = Automatic;
				GENERATE_INFOPLIST_FILE = YES;
				IPHONEOS_DEPLOYMENT_TARGET = 18.0;
				PRODUCT_BUNDLE_IDENTIFIER = com.dearby.dearbyuitests;
				SDKROOT = iphoneos;
				SWIFT_STRICT_CONCURRENCY = complete;
				SWIFT_VERSION = 6.0;
				TARGETED_DEVICE_FAMILY = "1,2";
				TEST_TARGET_NAME = Dearby;
				VALIDATE_PRODUCT = YES;
			};
			name = Release;
		};
		AF416D1B629857F5ECADC0A85E9E8AEF /* Release */ = {
			isa = XCBuildConfiguration;
			buildSettings = {
				ASSETCATALOG_COMPILER_APPICON_NAME = AppIcon;
				ASSETCATALOG_COMPILER_GLOBAL_ACCENT_COLOR_NAME = "";
				CLANG_ENABLE_OBJC_WEAK = NO;
				CODE_SIGN_ENTITLEMENTS = Dearby.entitlements;
				CODE_SIGN_STYLE = Automatic;
				CURRENT_PROJECT_VERSION = 1;
				DEARBY_WEB_HOST = "$(DEARBY_WEB_ORIGIN:file)";
				GENERATE_INFOPLIST_FILE = YES;
				INFOPLIST_FILE = Info.plist;
				INFOPLIST_KEY_CFBundleDisplayName = Dearby;
				INFOPLIST_KEY_UIApplicationSceneManifest_Generation = YES;
				INFOPLIST_KEY_UILaunchScreen_Generation = YES;
				IPHONEOS_DEPLOYMENT_TARGET = 18.0;
				LD_RUNPATH_SEARCH_PATHS = "$(inherited) @executable_path/Frameworks";
				MARKETING_VERSION = 0.1.0;
				PRODUCT_BUNDLE_IDENTIFIER = io.wid.dearby;
				SDKROOT = iphoneos;
				SWIFT_STRICT_CONCURRENCY = complete;
				SWIFT_VERSION = 6.0;
				TARGETED_DEVICE_FAMILY = "1,2";
				VALIDATE_PRODUCT = YES;
			};
			name = Release;
		};
/* End XCBuildConfiguration section */

/* Begin XCConfigurationList section */
		1CFFB7C381B42A2CAAC2559135BFD201 /* Build configuration list for PBXNativeTarget "DearbyTests" */ = {
			isa = XCConfigurationList;
			buildConfigurations = (
				2A4AC4F1E96074A0DE38B2EB0AB39D3E /* Release */,
				694FE13F8C01D71A196B3C736EE5EC93 /* Debug */,
			);
			defaultConfigurationIsVisible = 0;
			defaultConfigurationName = Release;
		};
		37F415A5473060E6BE56B4081D0BB1C3 /* Build configuration list for PBXNativeTarget "Dearby" */ = {
			isa = XCConfigurationList;
			buildConfigurations = (
				AF416D1B629857F5ECADC0A85E9E8AEF /* Release */,
				7203E9F2F423CB52154A153C2B7355C9 /* Debug */,
			);
			defaultConfigurationIsVisible = 0;
			defaultConfigurationName = Release;
		};
		914369B4E36A0154B260058750A7F35B /* Build configuration list for PBXNativeTarget "DearbyUITests" */ = {
			isa = XCConfigurationList;
			buildConfigurations = (
				AACAA6051421545E9AE1829ABC644489 /* Release */,
				11E39BF9EBC19C3B065F4ED4B9A5AF43 /* Debug */,
			);
			defaultConfigurationIsVisible = 0;
			defaultConfigurationName = Release;
		};
		EE790313FB7505DB22D34E6CC8291B69 /* Build configuration list for PBXProject "Dearby" */ = {
			isa = XCConfigurationList;
			buildConfigurations = (
				6ECEBFABC274003C57C5512DE85B8743 /* Debug */,
				29970C1ED19C9C36AD6344461A349427 /* Release */,
			);
			defaultConfigurationIsVisible = 0;
			defaultConfigurationName = Release;
		};
/* End XCConfigurationList section */
	};
	rootObject = A3CEDBB63E4F6FDBB16A1A5A8F9EDEA6 /* Project object */;
}
